PODS:
  - SwiftLint (0.37.0)
  - Swinject (2.7.1)

DEPENDENCIES:
  - SwiftLint
  - Swinject

SPEC REPOS:
  trunk:
    - SwiftLint
    - Swinject

SPEC CHECKSUMS:
  SwiftLint: c078a14d7d7ade75e5507795d185e3da41d844d2
  Swinject: ddf78b8486dd9b71a667b852cad919ab4484478e

PODFILE CHECKSUM: 656093f5fb7fefc35adc703f8eb5845fbe091b03

COCOAPODS: 1.8.4
