// !$*UTF8*$!
{
	archiveVersion = 1;
	classes = {
	};
	objectVersion = 51;
	objects = {

/* Begin PBXBuildFile section */
		02018CBE23989CF8008E8F2F /* FeatureAssembly.swift in Sources */ = {isa = PBXBuildFile; fileRef = 02018CBD23989CF8008E8F2F /* FeatureAssembly.swift */; };
		02018CC223989D30008E8F2F /* ServiceAssembly.swift in Sources */ = {isa = PBXBuildFile; fileRef = 02018CC123989D30008E8F2F /* ServiceAssembly.swift */; };
		020652352395D42D00856A39 /* Search.swift in Sources */ = {isa = PBXBuildFile; fileRef = 020652342395D42D00856A39 /* Search.swift */; };
		020652372395D4D000856A39 /* SearchDataAccessProvider.swift in Sources */ = {isa = PBXBuildFile; fileRef = 020652362395D4D000856A39 /* SearchDataAccessProvider.swift */; };
		02199539238C9EFE0034B3EE /* DepedencyInjection.swift in Sources */ = {isa = PBXBuildFile; fileRef = 02199538238C9EFE0034B3EE /* DepedencyInjection.swift */; };
		0219953D238CA04E0034B3EE /* Factory.swift in Sources */ = {isa = PBXBuildFile; fileRef = 0219953C238CA04E0034B3EE /* Factory.swift */; };
		0219953F238CA2F30034B3EE /* FactoryImplementation.swift in Sources */ = {isa = PBXBuildFile; fileRef = 0219953E238CA2F30034B3EE /* FactoryImplementation.swift */; };
		02346EA32399EEB2006F482D /* UIColor+Extension.swift in Sources */ = {isa = PBXBuildFile; fileRef = 02346EA22399EEB2006F482D /* UIColor+Extension.swift */; };
		02346EA52399F000006F482D /* Colors.xcassets in Resources */ = {isa = PBXBuildFile; fileRef = 02346EA42399F000006F482D /* Colors.xcassets */; };
		02346EA72399F381006F482D /* UIView+Extension.swift in Sources */ = {isa = PBXBuildFile; fileRef = 02346EA62399F381006F482D /* UIView+Extension.swift */; };
		02346EA92399FDC0006F482D /* Images.xcassets in Resources */ = {isa = PBXBuildFile; fileRef = 02346EA82399FDC0006F482D /* Images.xcassets */; };
		02346EAB2399FE61006F482D /* UIImage+Extension.swift in Sources */ = {isa = PBXBuildFile; fileRef = 02346EAA2399FE61006F482D /* UIImage+Extension.swift */; };
		02346EB0239B2088006F482D /* HomeViewControllerDelegate.swift in Sources */ = {isa = PBXBuildFile; fileRef = 02346EAF239B2088006F482D /* HomeViewControllerDelegate.swift */; };
		02346EB2239B2166006F482D /* FactCellDelegate.swift in Sources */ = {isa = PBXBuildFile; fileRef = 02346EB1239B2166006F482D /* FactCellDelegate.swift */; };
		02346EB5239B30BF006F482D /* HomeViewModelTests.swift in Sources */ = {isa = PBXBuildFile; fileRef = 02346EB4239B30BF006F482D /* HomeViewModelTests.swift */; };
		02346EB8239B3745006F482D /* singleFactWithValueLenghtBiggerThan80.json in Resources */ = {isa = PBXBuildFile; fileRef = 02346EB6239B3516006F482D /* singleFactWithValueLenghtBiggerThan80.json */; };
		02346EB9239B3747006F482D /* singleFactWithValueLenghtSmallerThan80.json in Resources */ = {isa = PBXBuildFile; fileRef = 02346EB7239B3581006F482D /* singleFactWithValueLenghtSmallerThan80.json */; };
		02346EBF239B44AC006F482D /* PlaceholderView.swift in Sources */ = {isa = PBXBuildFile; fileRef = 02346EBE239B44AC006F482D /* PlaceholderView.swift */; };
		02346EC2239B45F8006F482D /* ViewLayoutable.swift in Sources */ = {isa = PBXBuildFile; fileRef = 02346EC1239B45F8006F482D /* ViewLayoutable.swift */; };
		02346EC4239B469E006F482D /* ViewState.swift in Sources */ = {isa = PBXBuildFile; fileRef = 02346EC3239B469E006F482D /* ViewState.swift */; };
		024F7E56238CC8AF00616C45 /* Fact.swift in Sources */ = {isa = PBXBuildFile; fileRef = 024F7E55238CC8AF00616C45 /* Fact.swift */; };
		024F7E58238CCA8F00616C45 /* FactResponse.swift in Sources */ = {isa = PBXBuildFile; fileRef = 024F7E57238CCA8F00616C45 /* FactResponse.swift */; };
		024F7E61238CCCBB00616C45 /* BundleTests.swift in Sources */ = {isa = PBXBuildFile; fileRef = 024F7E60238CCCBB00616C45 /* BundleTests.swift */; };
		024F7E6C238CCFD700616C45 /* singleFact.json in Resources */ = {isa = PBXBuildFile; fileRef = 024F7E6B238CCF2000616C45 /* singleFact.json */; };
		025F52FF2392C156007D3755 /* Encodable.swift in Sources */ = {isa = PBXBuildFile; fileRef = 025F52FE2392C156007D3755 /* Encodable.swift */; };
		025F53012392C1CD007D3755 /* URLParameterEncoder.swift in Sources */ = {isa = PBXBuildFile; fileRef = 025F53002392C1CD007D3755 /* URLParameterEncoder.swift */; };
		025F53052392DDF0007D3755 /* ServiceEndpointTests.swift in Sources */ = {isa = PBXBuildFile; fileRef = 025F53042392DDF0007D3755 /* ServiceEndpointTests.swift */; };
		025F53072392E4A9007D3755 /* ServiceManagerTests.swift in Sources */ = {isa = PBXBuildFile; fileRef = 025F53062392E4A9007D3755 /* ServiceManagerTests.swift */; };
		026E1A1B23974718006DB7D2 /* DataModel.xcdatamodel in Sources */ = {isa = PBXBuildFile; fileRef = 026E1A1A23974718006DB7D2 /* DataModel.xcdatamodel */; };
		027BC1BB238A171700F9DB85 /* AppDelegate.swift in Sources */ = {isa = PBXBuildFile; fileRef = 027BC1BA238A171700F9DB85 /* AppDelegate.swift */; };
		027BC1C2238A171800F9DB85 /* Assets.xcassets in Resources */ = {isa = PBXBuildFile; fileRef = 027BC1C1238A171800F9DB85 /* Assets.xcassets */; };
		027BC1C5238A171800F9DB85 /* LaunchScreen.storyboard in Resources */ = {isa = PBXBuildFile; fileRef = 027BC1C3238A171800F9DB85 /* LaunchScreen.storyboard */; };
		02B4B57923972C760093C3E0 /* SearchViewController.swift in Sources */ = {isa = PBXBuildFile; fileRef = 02B4B57823972C760093C3E0 /* SearchViewController.swift */; };
		02B4B57B23972C990093C3E0 /* HomeViewModel.swift in Sources */ = {isa = PBXBuildFile; fileRef = 02B4B57A23972C990093C3E0 /* HomeViewModel.swift */; };
		02CBC12B239C9B7E00EF7C77 /* SearchViewControllerDelegate.swift in Sources */ = {isa = PBXBuildFile; fileRef = 02CBC12A239C9B7E00EF7C77 /* SearchViewControllerDelegate.swift */; };
		02CBC134239D1D7200EF7C77 /* CloudTagView.swift in Sources */ = {isa = PBXBuildFile; fileRef = 02CBC133239D1D7200EF7C77 /* CloudTagView.swift */; };
		02CBC137239D220500EF7C77 /* CloudTagCell.swift in Sources */ = {isa = PBXBuildFile; fileRef = 02CBC136239D220500EF7C77 /* CloudTagCell.swift */; };
		02CBC139239DA24F00EF7C77 /* String+Extension.swift in Sources */ = {isa = PBXBuildFile; fileRef = 02CBC138239DA24F00EF7C77 /* String+Extension.swift */; };
		02CBC13D239DB6FE00EF7C77 /* CloudTagViewModel.swift in Sources */ = {isa = PBXBuildFile; fileRef = 02CBC13C239DB6FE00EF7C77 /* CloudTagViewModel.swift */; };
		02CBC13F239DB9B000EF7C77 /* ComponentAssembly.swift in Sources */ = {isa = PBXBuildFile; fileRef = 02CBC13E239DB9B000EF7C77 /* ComponentAssembly.swift */; };
		02CBC144239DD31900EF7C77 /* Array+Extension.swift in Sources */ = {isa = PBXBuildFile; fileRef = 02CBC143239DD31900EF7C77 /* Array+Extension.swift */; };
		02CBC146239DD8CD00EF7C77 /* CloudTagViewModelTests.swift in Sources */ = {isa = PBXBuildFile; fileRef = 02CBC145239DD8CD00EF7C77 /* CloudTagViewModelTests.swift */; };
		02D0BDED238B5684006ABDF4 /* HomeViewController.swift in Sources */ = {isa = PBXBuildFile; fileRef = 02D0BDEC238B5684006ABDF4 /* HomeViewController.swift */; };
		02D0BDF2238B56B7006ABDF4 /* FlowController.swift in Sources */ = {isa = PBXBuildFile; fileRef = 02D0BDF1238B56B7006ABDF4 /* FlowController.swift */; };
		02DA7EB3238DFE94000BA7D7 /* Bundle+Extension.swift in Sources */ = {isa = PBXBuildFile; fileRef = 02DA7EB2238DFE94000BA7D7 /* Bundle+Extension.swift */; };
		02DA7EB7238E1176000BA7D7 /* multipleFacts.json in Resources */ = {isa = PBXBuildFile; fileRef = 02DA7EB6238E10EF000BA7D7 /* multipleFacts.json */; };
		02DA7EB9238E12B0000BA7D7 /* emptyFacts.json in Resources */ = {isa = PBXBuildFile; fileRef = 02DA7EB8238E12B0000BA7D7 /* emptyFacts.json */; };
		02DA7ECB23909D1F000BA7D7 /* Endpoint.swift in Sources */ = {isa = PBXBuildFile; fileRef = 02DA7ECA23909D1F000BA7D7 /* Endpoint.swift */; };
		02DA7ED02390A3B1000BA7D7 /* Environment.swift in Sources */ = {isa = PBXBuildFile; fileRef = 02DA7ECF2390A3B1000BA7D7 /* Environment.swift */; };
		02DA7ED32390AC31000BA7D7 /* ServiceManager.swift in Sources */ = {isa = PBXBuildFile; fileRef = 02DA7ED22390AC31000BA7D7 /* ServiceManager.swift */; };
		02DA7ED62390AF31000BA7D7 /* Endpointable.swift in Sources */ = {isa = PBXBuildFile; fileRef = 02DA7ED52390AF31000BA7D7 /* Endpointable.swift */; };
		02DA7ED82390AF88000BA7D7 /* Router.swift in Sources */ = {isa = PBXBuildFile; fileRef = 02DA7ED72390AF88000BA7D7 /* Router.swift */; };
		02DA7EDB2390B2F2000BA7D7 /* HTTPTask.swift in Sources */ = {isa = PBXBuildFile; fileRef = 02DA7EDA2390B2F2000BA7D7 /* HTTPTask.swift */; };
		02DA7EDD2390B8B0000BA7D7 /* Routable.swift in Sources */ = {isa = PBXBuildFile; fileRef = 02DA7EDC2390B8B0000BA7D7 /* Routable.swift */; };
		02E032E22395DEE400F5915A /* StorageTests.swift in Sources */ = {isa = PBXBuildFile; fileRef = 02E032E12395DEE400F5915A /* StorageTests.swift */; };
		02E032E42395F88100F5915A /* SearchViewModel.swift in Sources */ = {isa = PBXBuildFile; fileRef = 02E032E32395F88100F5915A /* SearchViewModel.swift */; };
		02E033012396061600F5915A /* Fact.swift in Sources */ = {isa = PBXBuildFile; fileRef = 024F7E55238CC8AF00616C45 /* Fact.swift */; };
		02E033022396061600F5915A /* FactResponse.swift in Sources */ = {isa = PBXBuildFile; fileRef = 024F7E57238CCA8F00616C45 /* FactResponse.swift */; };
		02E4DD5F239750A400A93DB0 /* FactCell.swift in Sources */ = {isa = PBXBuildFile; fileRef = 02E4DD5E239750A400A93DB0 /* FactCell.swift */; };
		02E4DD612397512100A93DB0 /* Guideline.swift in Sources */ = {isa = PBXBuildFile; fileRef = 02E4DD602397512100A93DB0 /* Guideline.swift */; };
		02E4DD632397520000A93DB0 /* UIFont+Extension.swift in Sources */ = {isa = PBXBuildFile; fileRef = 02E4DD622397520000A93DB0 /* UIFont+Extension.swift */; };
		02E4DD65239753DE00A93DB0 /* UILabel+Extension.swift in Sources */ = {isa = PBXBuildFile; fileRef = 02E4DD64239753DE00A93DB0 /* UILabel+Extension.swift */; };
		02E4DD672397543600A93DB0 /* UIButton+Extension.swift in Sources */ = {isa = PBXBuildFile; fileRef = 02E4DD662397543600A93DB0 /* UIButton+Extension.swift */; };
		73827053B3E9DF6D2DFE3DFD /* libPods-ChuckFactsTests.a in Frameworks */ = {isa = PBXBuildFile; fileRef = 88A3F3B471D8C294A97ABBAC /* libPods-ChuckFactsTests.a */; };
		DC7FC1C855D882BC860BB11F /* Pods_ChuckFacts.framework in Frameworks */ = {isa = PBXBuildFile; fileRef = DBADFD4E7EF73E03F07B3786 /* Pods_ChuckFacts.framework */; };
/* End PBXBuildFile section */

/* Begin PBXContainerItemProxy section */
		024F7E63238CCCBB00616C45 /* PBXContainerItemProxy */ = {
			isa = PBXContainerItemProxy;
			containerPortal = 027BC1AF238A171700F9DB85 /* Project object */;
			proxyType = 1;
			remoteGlobalIDString = 027BC1B6238A171700F9DB85;
			remoteInfo = ChuckFacts;
		};
/* End PBXContainerItemProxy section */

/* Begin PBXFileReference section */
		02018CBD23989CF8008E8F2F /* FeatureAssembly.swift */ = {isa = PBXFileReference; fileEncoding = 4; lastKnownFileType = sourcecode.swift; path = FeatureAssembly.swift; sourceTree = "<group>"; };
		02018CC123989D30008E8F2F /* ServiceAssembly.swift */ = {isa = PBXFileReference; lastKnownFileType = sourcecode.swift; path = ServiceAssembly.swift; sourceTree = "<group>"; };
		020652342395D42D00856A39 /* Search.swift */ = {isa = PBXFileReference; lastKnownFileType = sourcecode.swift; path = Search.swift; sourceTree = "<group>"; };
		020652362395D4D000856A39 /* SearchDataAccessProvider.swift */ = {isa = PBXFileReference; lastKnownFileType = sourcecode.swift; path = SearchDataAccessProvider.swift; sourceTree = "<group>"; };
		02199538238C9EFE0034B3EE /* DepedencyInjection.swift */ = {isa = PBXFileReference; lastKnownFileType = sourcecode.swift; path = DepedencyInjection.swift; sourceTree = "<group>"; };
		0219953C238CA04E0034B3EE /* Factory.swift */ = {isa = PBXFileReference; lastKnownFileType = sourcecode.swift; path = Factory.swift; sourceTree = "<group>"; };
		0219953E238CA2F30034B3EE /* FactoryImplementation.swift */ = {isa = PBXFileReference; lastKnownFileType = sourcecode.swift; path = FactoryImplementation.swift; sourceTree = "<group>"; };
		02346EA22399EEB2006F482D /* UIColor+Extension.swift */ = {isa = PBXFileReference; lastKnownFileType = sourcecode.swift; path = "UIColor+Extension.swift"; sourceTree = "<group>"; };
		02346EA42399F000006F482D /* Colors.xcassets */ = {isa = PBXFileReference; lastKnownFileType = folder.assetcatalog; path = Colors.xcassets; sourceTree = "<group>"; };
		02346EA62399F381006F482D /* UIView+Extension.swift */ = {isa = PBXFileReference; lastKnownFileType = sourcecode.swift; path = "UIView+Extension.swift"; sourceTree = "<group>"; };
		02346EA82399FDC0006F482D /* Images.xcassets */ = {isa = PBXFileReference; lastKnownFileType = folder.assetcatalog; path = Images.xcassets; sourceTree = "<group>"; };
		02346EAA2399FE61006F482D /* UIImage+Extension.swift */ = {isa = PBXFileReference; lastKnownFileType = sourcecode.swift; path = "UIImage+Extension.swift"; sourceTree = "<group>"; };
		02346EAF239B2088006F482D /* HomeViewControllerDelegate.swift */ = {isa = PBXFileReference; lastKnownFileType = sourcecode.swift; path = HomeViewControllerDelegate.swift; sourceTree = "<group>"; };
		02346EB1239B2166006F482D /* FactCellDelegate.swift */ = {isa = PBXFileReference; lastKnownFileType = sourcecode.swift; path = FactCellDelegate.swift; sourceTree = "<group>"; };
		02346EB4239B30BF006F482D /* HomeViewModelTests.swift */ = {isa = PBXFileReference; lastKnownFileType = sourcecode.swift; path = HomeViewModelTests.swift; sourceTree = "<group>"; };
		02346EB6239B3516006F482D /* singleFactWithValueLenghtBiggerThan80.json */ = {isa = PBXFileReference; lastKnownFileType = text.json; path = singleFactWithValueLenghtBiggerThan80.json; sourceTree = "<group>"; };
		02346EB7239B3581006F482D /* singleFactWithValueLenghtSmallerThan80.json */ = {isa = PBXFileReference; lastKnownFileType = text.json; path = singleFactWithValueLenghtSmallerThan80.json; sourceTree = "<group>"; };
		02346EBE239B44AC006F482D /* PlaceholderView.swift */ = {isa = PBXFileReference; lastKnownFileType = sourcecode.swift; path = PlaceholderView.swift; sourceTree = "<group>"; };
		02346EC1239B45F8006F482D /* ViewLayoutable.swift */ = {isa = PBXFileReference; lastKnownFileType = sourcecode.swift; path = ViewLayoutable.swift; sourceTree = "<group>"; };
		02346EC3239B469E006F482D /* ViewState.swift */ = {isa = PBXFileReference; lastKnownFileType = sourcecode.swift; path = ViewState.swift; sourceTree = "<group>"; };
		024F7E55238CC8AF00616C45 /* Fact.swift */ = {isa = PBXFileReference; lastKnownFileType = sourcecode.swift; path = Fact.swift; sourceTree = "<group>"; };
		024F7E57238CCA8F00616C45 /* FactResponse.swift */ = {isa = PBXFileReference; lastKnownFileType = sourcecode.swift; path = FactResponse.swift; sourceTree = "<group>"; };
		024F7E5E238CCCBB00616C45 /* ChuckFactsTests.xctest */ = {isa = PBXFileReference; explicitFileType = wrapper.cfbundle; includeInIndex = 0; path = ChuckFactsTests.xctest; sourceTree = BUILT_PRODUCTS_DIR; };
		024F7E60238CCCBB00616C45 /* BundleTests.swift */ = {isa = PBXFileReference; lastKnownFileType = sourcecode.swift; path = BundleTests.swift; sourceTree = "<group>"; };
		024F7E62238CCCBB00616C45 /* Info.plist */ = {isa = PBXFileReference; lastKnownFileType = text.plist.xml; path = Info.plist; sourceTree = "<group>"; };
		024F7E6B238CCF2000616C45 /* singleFact.json */ = {isa = PBXFileReference; lastKnownFileType = text.json; path = singleFact.json; sourceTree = "<group>"; };
		025F52FE2392C156007D3755 /* Encodable.swift */ = {isa = PBXFileReference; lastKnownFileType = sourcecode.swift; path = Encodable.swift; sourceTree = "<group>"; };
		025F53002392C1CD007D3755 /* URLParameterEncoder.swift */ = {isa = PBXFileReference; lastKnownFileType = sourcecode.swift; path = URLParameterEncoder.swift; sourceTree = "<group>"; };
		025F53042392DDF0007D3755 /* ServiceEndpointTests.swift */ = {isa = PBXFileReference; lastKnownFileType = sourcecode.swift; path = ServiceEndpointTests.swift; sourceTree = "<group>"; };
		025F53062392E4A9007D3755 /* ServiceManagerTests.swift */ = {isa = PBXFileReference; lastKnownFileType = sourcecode.swift; path = ServiceManagerTests.swift; sourceTree = "<group>"; };
		026E1A1A23974718006DB7D2 /* DataModel.xcdatamodel */ = {isa = PBXFileReference; lastKnownFileType = wrapper.xcdatamodel; name = DataModel.xcdatamodel; path = DataModel.xcdatamodeld/DataModel.xcdatamodel; sourceTree = "<group>"; };
		027BC1B7238A171700F9DB85 /* ChuckFacts.app */ = {isa = PBXFileReference; explicitFileType = wrapper.application; includeInIndex = 0; path = ChuckFacts.app; sourceTree = BUILT_PRODUCTS_DIR; };
		027BC1BA238A171700F9DB85 /* AppDelegate.swift */ = {isa = PBXFileReference; lastKnownFileType = sourcecode.swift; path = AppDelegate.swift; sourceTree = "<group>"; };
		027BC1C1238A171800F9DB85 /* Assets.xcassets */ = {isa = PBXFileReference; lastKnownFileType = folder.assetcatalog; path = Assets.xcassets; sourceTree = "<group>"; };
		027BC1C4238A171800F9DB85 /* Base */ = {isa = PBXFileReference; lastKnownFileType = file.storyboard; name = Base; path = Base.lproj/LaunchScreen.storyboard; sourceTree = "<group>"; };
		027BC1C6238A171800F9DB85 /* Info.plist */ = {isa = PBXFileReference; lastKnownFileType = text.plist.xml; path = Info.plist; sourceTree = "<group>"; };
		02B4B57823972C760093C3E0 /* SearchViewController.swift */ = {isa = PBXFileReference; lastKnownFileType = sourcecode.swift; path = SearchViewController.swift; sourceTree = "<group>"; };
		02B4B57A23972C990093C3E0 /* HomeViewModel.swift */ = {isa = PBXFileReference; lastKnownFileType = sourcecode.swift; path = HomeViewModel.swift; sourceTree = "<group>"; };
		02CBC12A239C9B7E00EF7C77 /* SearchViewControllerDelegate.swift */ = {isa = PBXFileReference; lastKnownFileType = sourcecode.swift; path = SearchViewControllerDelegate.swift; sourceTree = "<group>"; };
		02CBC133239D1D7200EF7C77 /* CloudTagView.swift */ = {isa = PBXFileReference; lastKnownFileType = sourcecode.swift; path = CloudTagView.swift; sourceTree = "<group>"; };
		02CBC136239D220500EF7C77 /* CloudTagCell.swift */ = {isa = PBXFileReference; lastKnownFileType = sourcecode.swift; path = CloudTagCell.swift; sourceTree = "<group>"; };
		02CBC138239DA24F00EF7C77 /* String+Extension.swift */ = {isa = PBXFileReference; lastKnownFileType = sourcecode.swift; path = "String+Extension.swift"; sourceTree = "<group>"; };
		02CBC13C239DB6FE00EF7C77 /* CloudTagViewModel.swift */ = {isa = PBXFileReference; lastKnownFileType = sourcecode.swift; path = CloudTagViewModel.swift; sourceTree = "<group>"; };
		02CBC13E239DB9B000EF7C77 /* ComponentAssembly.swift */ = {isa = PBXFileReference; lastKnownFileType = sourcecode.swift; path = ComponentAssembly.swift; sourceTree = "<group>"; };
		02CBC143239DD31900EF7C77 /* Array+Extension.swift */ = {isa = PBXFileReference; lastKnownFileType = sourcecode.swift; path = "Array+Extension.swift"; sourceTree = "<group>"; };
		02CBC145239DD8CD00EF7C77 /* CloudTagViewModelTests.swift */ = {isa = PBXFileReference; lastKnownFileType = sourcecode.swift; path = CloudTagViewModelTests.swift; sourceTree = "<group>"; };
		02D0BDEC238B5684006ABDF4 /* HomeViewController.swift */ = {isa = PBXFileReference; lastKnownFileType = sourcecode.swift; path = HomeViewController.swift; sourceTree = "<group>"; };
		02D0BDF1238B56B7006ABDF4 /* FlowController.swift */ = {isa = PBXFileReference; lastKnownFileType = sourcecode.swift; path = FlowController.swift; sourceTree = "<group>"; };
		02DA7EB2238DFE94000BA7D7 /* Bundle+Extension.swift */ = {isa = PBXFileReference; lastKnownFileType = sourcecode.swift; path = "Bundle+Extension.swift"; sourceTree = "<group>"; };
		02DA7EB6238E10EF000BA7D7 /* multipleFacts.json */ = {isa = PBXFileReference; lastKnownFileType = text.json; path = multipleFacts.json; sourceTree = "<group>"; };
		02DA7EB8238E12B0000BA7D7 /* emptyFacts.json */ = {isa = PBXFileReference; lastKnownFileType = text.json; path = emptyFacts.json; sourceTree = "<group>"; };
		02DA7ECA23909D1F000BA7D7 /* Endpoint.swift */ = {isa = PBXFileReference; lastKnownFileType = sourcecode.swift; path = Endpoint.swift; sourceTree = "<group>"; };
		02DA7ECF2390A3B1000BA7D7 /* Environment.swift */ = {isa = PBXFileReference; lastKnownFileType = sourcecode.swift; path = Environment.swift; sourceTree = "<group>"; };
		02DA7ED22390AC31000BA7D7 /* ServiceManager.swift */ = {isa = PBXFileReference; lastKnownFileType = sourcecode.swift; path = ServiceManager.swift; sourceTree = "<group>"; };
		02DA7ED52390AF31000BA7D7 /* Endpointable.swift */ = {isa = PBXFileReference; lastKnownFileType = sourcecode.swift; path = Endpointable.swift; sourceTree = "<group>"; };
		02DA7ED72390AF88000BA7D7 /* Router.swift */ = {isa = PBXFileReference; lastKnownFileType = sourcecode.swift; path = Router.swift; sourceTree = "<group>"; };
		02DA7EDA2390B2F2000BA7D7 /* HTTPTask.swift */ = {isa = PBXFileReference; lastKnownFileType = sourcecode.swift; path = HTTPTask.swift; sourceTree = "<group>"; };
		02DA7EDC2390B8B0000BA7D7 /* Routable.swift */ = {isa = PBXFileReference; lastKnownFileType = sourcecode.swift; path = Routable.swift; sourceTree = "<group>"; };
		02E032E12395DEE400F5915A /* StorageTests.swift */ = {isa = PBXFileReference; lastKnownFileType = sourcecode.swift; path = StorageTests.swift; sourceTree = "<group>"; };
		02E032E32395F88100F5915A /* SearchViewModel.swift */ = {isa = PBXFileReference; lastKnownFileType = sourcecode.swift; path = SearchViewModel.swift; sourceTree = "<group>"; };
		02E4DD5E239750A400A93DB0 /* FactCell.swift */ = {isa = PBXFileReference; lastKnownFileType = sourcecode.swift; path = FactCell.swift; sourceTree = "<group>"; };
		02E4DD602397512100A93DB0 /* Guideline.swift */ = {isa = PBXFileReference; lastKnownFileType = sourcecode.swift; path = Guideline.swift; sourceTree = "<group>"; };
		02E4DD622397520000A93DB0 /* UIFont+Extension.swift */ = {isa = PBXFileReference; lastKnownFileType = sourcecode.swift; path = "UIFont+Extension.swift"; sourceTree = "<group>"; };
		02E4DD64239753DE00A93DB0 /* UILabel+Extension.swift */ = {isa = PBXFileReference; lastKnownFileType = sourcecode.swift; path = "UILabel+Extension.swift"; sourceTree = "<group>"; };
		02E4DD662397543600A93DB0 /* UIButton+Extension.swift */ = {isa = PBXFileReference; lastKnownFileType = sourcecode.swift; path = "UIButton+Extension.swift"; sourceTree = "<group>"; };
		0B7332EE781FA1B0092CB499 /* Pods-ChuckFacts.debug.xcconfig */ = {isa = PBXFileReference; includeInIndex = 1; lastKnownFileType = text.xcconfig; name = "Pods-ChuckFacts.debug.xcconfig"; path = "Target Support Files/Pods-ChuckFacts/Pods-ChuckFacts.debug.xcconfig"; sourceTree = "<group>"; };
		88A3F3B471D8C294A97ABBAC /* libPods-ChuckFactsTests.a */ = {isa = PBXFileReference; explicitFileType = archive.ar; includeInIndex = 0; path = "libPods-ChuckFactsTests.a"; sourceTree = BUILT_PRODUCTS_DIR; };
		8CB12969F793ECA20AFC4113 /* Pods-ChuckFactsTests.release.xcconfig */ = {isa = PBXFileReference; includeInIndex = 1; lastKnownFileType = text.xcconfig; name = "Pods-ChuckFactsTests.release.xcconfig"; path = "Target Support Files/Pods-ChuckFactsTests/Pods-ChuckFactsTests.release.xcconfig"; sourceTree = "<group>"; };
		A36C3C59185CDE1DEB45AC9B /* Pods-ChuckFacts.release.xcconfig */ = {isa = PBXFileReference; includeInIndex = 1; lastKnownFileType = text.xcconfig; name = "Pods-ChuckFacts.release.xcconfig"; path = "Target Support Files/Pods-ChuckFacts/Pods-ChuckFacts.release.xcconfig"; sourceTree = "<group>"; };
		D546F82707D64339191DC50B /* Pods-ChuckFactsTests.debug.xcconfig */ = {isa = PBXFileReference; includeInIndex = 1; lastKnownFileType = text.xcconfig; name = "Pods-ChuckFactsTests.debug.xcconfig"; path = "Target Support Files/Pods-ChuckFactsTests/Pods-ChuckFactsTests.debug.xcconfig"; sourceTree = "<group>"; };
		DBADFD4E7EF73E03F07B3786 /* Pods_ChuckFacts.framework */ = {isa = PBXFileReference; explicitFileType = wrapper.framework; includeInIndex = 0; path = Pods_ChuckFacts.framework; sourceTree = BUILT_PRODUCTS_DIR; };
/* End PBXFileReference section */

/* Begin PBXFrameworksBuildPhase section */
		024F7E5B238CCCBB00616C45 /* Frameworks */ = {
			isa = PBXFrameworksBuildPhase;
			buildActionMask = 2147483647;
			files = (
				73827053B3E9DF6D2DFE3DFD /* libPods-ChuckFactsTests.a in Frameworks */,
			);
			runOnlyForDeploymentPostprocessing = 0;
		};
		027BC1B4238A171700F9DB85 /* Frameworks */ = {
			isa = PBXFrameworksBuildPhase;
			buildActionMask = 2147483647;
			files = (
				DC7FC1C855D882BC860BB11F /* Pods_ChuckFacts.framework in Frameworks */,
			);
			runOnlyForDeploymentPostprocessing = 0;
		};
/* End PBXFrameworksBuildPhase section */

/* Begin PBXGroup section */
		020652302395D1EA00856A39 /* ChuckFactsStorage */ = {
			isa = PBXGroup;
			children = (
				026E1A1A23974718006DB7D2 /* DataModel.xcdatamodel */,
				020652342395D42D00856A39 /* Search.swift */,
				020652362395D4D000856A39 /* SearchDataAccessProvider.swift */,
			);
			path = ChuckFactsStorage;
			sourceTree = "<group>";
		};
		02199540238CA7510034B3EE /* App */ = {
			isa = PBXGroup;
			children = (
				027BC1BA238A171700F9DB85 /* AppDelegate.swift */,
			);
			path = App;
			sourceTree = "<group>";
		};
		02346EBD239B447B006F482D /* Components */ = {
			isa = PBXGroup;
			children = (
				02CBC135239D21F600EF7C77 /* CloudTag */,
				02346EBE239B44AC006F482D /* PlaceholderView.swift */,
			);
			path = Components;
			sourceTree = "<group>";
		};
		02346EC0239B45D6006F482D /* Protocols */ = {
			isa = PBXGroup;
			children = (
				02346EC1239B45F8006F482D /* ViewLayoutable.swift */,
			);
			path = Protocols;
			sourceTree = "<group>";
		};
		024F7E53238CC7EE00616C45 /* ChuckFactsDomain */ = {
			isa = PBXGroup;
			children = (
				024F7E54238CC81000616C45 /* Models */,
			);
			path = ChuckFactsDomain;
			sourceTree = "<group>";
		};
		024F7E54238CC81000616C45 /* Models */ = {
			isa = PBXGroup;
			children = (
				024F7E55238CC8AF00616C45 /* Fact.swift */,
				024F7E57238CCA8F00616C45 /* FactResponse.swift */,
				02346EC3239B469E006F482D /* ViewState.swift */,
			);
			path = Models;
			sourceTree = "<group>";
		};
		024F7E59238CCBB200616C45 /* ChuckFactsUI */ = {
			isa = PBXGroup;
			children = (
				0219953C238CA04E0034B3EE /* Factory.swift */,
				02D0BDF1238B56B7006ABDF4 /* FlowController.swift */,
				02346EC0239B45D6006F482D /* Protocols */,
				02D0BDEB238B5676006ABDF4 /* Features */,
				02346EBD239B447B006F482D /* Components */,
			);
			path = ChuckFactsUI;
			sourceTree = "<group>";
		};
		024F7E5F238CCCBB00616C45 /* ChuckFactsTests */ = {
			isa = PBXGroup;
			children = (
				02DA7EB4238E0DD9000BA7D7 /* Extensions */,
				024F7E6E238CD05A00616C45 /* Stubs */,
				024F7E62238CCCBB00616C45 /* Info.plist */,
				024F7E60238CCCBB00616C45 /* BundleTests.swift */,
				025F53042392DDF0007D3755 /* ServiceEndpointTests.swift */,
				025F53062392E4A9007D3755 /* ServiceManagerTests.swift */,
				02E032E12395DEE400F5915A /* StorageTests.swift */,
				02346EB4239B30BF006F482D /* HomeViewModelTests.swift */,
				02CBC145239DD8CD00EF7C77 /* CloudTagViewModelTests.swift */,
			);
			path = ChuckFactsTests;
			sourceTree = "<group>";
		};
		024F7E6E238CD05A00616C45 /* Stubs */ = {
			isa = PBXGroup;
			children = (
				024F7E6B238CCF2000616C45 /* singleFact.json */,
				02DA7EB6238E10EF000BA7D7 /* multipleFacts.json */,
				02DA7EB8238E12B0000BA7D7 /* emptyFacts.json */,
				02346EB6239B3516006F482D /* singleFactWithValueLenghtBiggerThan80.json */,
				02346EB7239B3581006F482D /* singleFactWithValueLenghtSmallerThan80.json */,
			);
			path = Stubs;
			sourceTree = "<group>";
		};
		025F52FA2391F2F9007D3755 /* Services */ = {
			isa = PBXGroup;
			children = (
				02DA7EDC2390B8B0000BA7D7 /* Routable.swift */,
				02DA7ED72390AF88000BA7D7 /* Router.swift */,
				02DA7ED52390AF31000BA7D7 /* Endpointable.swift */,
				02DA7EDA2390B2F2000BA7D7 /* HTTPTask.swift */,
			);
			path = Services;
			sourceTree = "<group>";
		};
		025F52FB2392C0EC007D3755 /* Enconding */ = {
			isa = PBXGroup;
			children = (
				025F52FE2392C156007D3755 /* Encodable.swift */,
				025F53002392C1CD007D3755 /* URLParameterEncoder.swift */,
			);
			path = Enconding;
			sourceTree = "<group>";
		};
		027BC1AE238A171700F9DB85 = {
			isa = PBXGroup;
			children = (
				027BC1B9238A171700F9DB85 /* ChuckFacts */,
				024F7E59238CCBB200616C45 /* ChuckFactsUI */,
				024F7E53238CC7EE00616C45 /* ChuckFactsDomain */,
				02DA7ECC23909DCE000BA7D7 /* ChuckFactsService */,
				020652302395D1EA00856A39 /* ChuckFactsStorage */,
				02DA7ECD2390A0C5000BA7D7 /* ChuckFactsUIKit */,
				024F7E5F238CCCBB00616C45 /* ChuckFactsTests */,
				027BC1B8238A171700F9DB85 /* Products */,
				0854B1861F5AEA1F6123E6A2 /* Pods */,
				A68590F8338AEC7E5C36D8B6 /* Frameworks */,
			);
			sourceTree = "<group>";
		};
		027BC1B8238A171700F9DB85 /* Products */ = {
			isa = PBXGroup;
			children = (
				027BC1B7238A171700F9DB85 /* ChuckFacts.app */,
				024F7E5E238CCCBB00616C45 /* ChuckFactsTests.xctest */,
			);
			name = Products;
			sourceTree = "<group>";
		};
		027BC1B9238A171700F9DB85 /* ChuckFacts */ = {
			isa = PBXGroup;
			children = (
				02199540238CA7510034B3EE /* App */,
				02D0BDE8238B5515006ABDF4 /* DependencyInjection */,
				027BC1CC238A17C100F9DB85 /* Resources */,
			);
			path = ChuckFacts;
			sourceTree = "<group>";
		};
		027BC1CC238A17C100F9DB85 /* Resources */ = {
			isa = PBXGroup;
			children = (
				027BC1C1238A171800F9DB85 /* Assets.xcassets */,
				027BC1C3238A171800F9DB85 /* LaunchScreen.storyboard */,
				027BC1C6238A171800F9DB85 /* Info.plist */,
			);
			path = Resources;
			sourceTree = "<group>";
		};
		02B4B57623972C3E0093C3E0 /* Home */ = {
			isa = PBXGroup;
			children = (
				02E4DD5C2397508700A93DB0 /* Views */,
				02346EAF239B2088006F482D /* HomeViewControllerDelegate.swift */,
				02D0BDEC238B5684006ABDF4 /* HomeViewController.swift */,
				02B4B57A23972C990093C3E0 /* HomeViewModel.swift */,
			);
			path = Home;
			sourceTree = "<group>";
		};
		02B4B57723972C4D0093C3E0 /* Search */ = {
			isa = PBXGroup;
			children = (
				02CBC12A239C9B7E00EF7C77 /* SearchViewControllerDelegate.swift */,
				02B4B57823972C760093C3E0 /* SearchViewController.swift */,
				02E032E32395F88100F5915A /* SearchViewModel.swift */,
			);
			path = Search;
			sourceTree = "<group>";
		};
		02CBC135239D21F600EF7C77 /* CloudTag */ = {
			isa = PBXGroup;
			children = (
				02CBC136239D220500EF7C77 /* CloudTagCell.swift */,
				02CBC133239D1D7200EF7C77 /* CloudTagView.swift */,
				02CBC13C239DB6FE00EF7C77 /* CloudTagViewModel.swift */,
			);
			path = CloudTag;
			sourceTree = "<group>";
		};
		02D0BDE8238B5515006ABDF4 /* DependencyInjection */ = {
			isa = PBXGroup;
			children = (
				02199538238C9EFE0034B3EE /* DepedencyInjection.swift */,
				02018CBD23989CF8008E8F2F /* FeatureAssembly.swift */,
				02018CC123989D30008E8F2F /* ServiceAssembly.swift */,
				02CBC13E239DB9B000EF7C77 /* ComponentAssembly.swift */,
				0219953E238CA2F30034B3EE /* FactoryImplementation.swift */,
			);
			path = DependencyInjection;
			sourceTree = "<group>";
		};
		02D0BDEB238B5676006ABDF4 /* Features */ = {
			isa = PBXGroup;
			children = (
				02B4B57623972C3E0093C3E0 /* Home */,
				02B4B57723972C4D0093C3E0 /* Search */,
			);
			path = Features;
			sourceTree = "<group>";
		};
		02DA7EB4238E0DD9000BA7D7 /* Extensions */ = {
			isa = PBXGroup;
			children = (
				02DA7EB2238DFE94000BA7D7 /* Bundle+Extension.swift */,
			);
			path = Extensions;
			sourceTree = "<group>";
		};
		02DA7EC923909CF0000BA7D7 /* Endpoints */ = {
			isa = PBXGroup;
			children = (
				02DA7ECA23909D1F000BA7D7 /* Endpoint.swift */,
				02DA7ECF2390A3B1000BA7D7 /* Environment.swift */,
			);
			path = Endpoints;
			sourceTree = "<group>";
		};
		02DA7ECC23909DCE000BA7D7 /* ChuckFactsService */ = {
			isa = PBXGroup;
			children = (
				02DA7ED22390AC31000BA7D7 /* ServiceManager.swift */,
				025F52FA2391F2F9007D3755 /* Services */,
				02DA7EC923909CF0000BA7D7 /* Endpoints */,
				025F52FB2392C0EC007D3755 /* Enconding */,
			);
			path = ChuckFactsService;
			sourceTree = "<group>";
		};
		02DA7ECD2390A0C5000BA7D7 /* ChuckFactsUIKit */ = {
			isa = PBXGroup;
			children = (
				02DA7ECE2390A0D4000BA7D7 /* Extensions */,
				02E4DD602397512100A93DB0 /* Guideline.swift */,
				02346EA42399F000006F482D /* Colors.xcassets */,
				02346EA82399FDC0006F482D /* Images.xcassets */,
			);
			path = ChuckFactsUIKit;
			sourceTree = "<group>";
		};
		02DA7ECE2390A0D4000BA7D7 /* Extensions */ = {
			isa = PBXGroup;
			children = (
				02E4DD622397520000A93DB0 /* UIFont+Extension.swift */,
				02E4DD64239753DE00A93DB0 /* UILabel+Extension.swift */,
				02E4DD662397543600A93DB0 /* UIButton+Extension.swift */,
				02346EA22399EEB2006F482D /* UIColor+Extension.swift */,
				02346EA62399F381006F482D /* UIView+Extension.swift */,
				02346EAA2399FE61006F482D /* UIImage+Extension.swift */,
				02CBC138239DA24F00EF7C77 /* String+Extension.swift */,
				02CBC143239DD31900EF7C77 /* Array+Extension.swift */,
			);
			path = Extensions;
			sourceTree = "<group>";
		};
		02E4DD5C2397508700A93DB0 /* Views */ = {
			isa = PBXGroup;
			children = (
				02346EB1239B2166006F482D /* FactCellDelegate.swift */,
				02E4DD5E239750A400A93DB0 /* FactCell.swift */,
			);
			path = Views;
			sourceTree = "<group>";
		};
		0854B1861F5AEA1F6123E6A2 /* Pods */ = {
			isa = PBXGroup;
			children = (
				A36C3C59185CDE1DEB45AC9B /* Pods-ChuckFacts.release.xcconfig */,
				0B7332EE781FA1B0092CB499 /* Pods-ChuckFacts.debug.xcconfig */,
				D546F82707D64339191DC50B /* Pods-ChuckFactsTests.debug.xcconfig */,
				8CB12969F793ECA20AFC4113 /* Pods-ChuckFactsTests.release.xcconfig */,
			);
			path = Pods;
			sourceTree = "<group>";
		};
		A68590F8338AEC7E5C36D8B6 /* Frameworks */ = {
			isa = PBXGroup;
			children = (
				DBADFD4E7EF73E03F07B3786 /* Pods_ChuckFacts.framework */,
				88A3F3B471D8C294A97ABBAC /* libPods-ChuckFactsTests.a */,
			);
			name = Frameworks;
			sourceTree = "<group>";
		};
/* End PBXGroup section */

/* Begin PBXNativeTarget section */
		024F7E5D238CCCBB00616C45 /* ChuckFactsTests */ = {
			isa = PBXNativeTarget;
			buildConfigurationList = 024F7E65238CCCBB00616C45 /* Build configuration list for PBXNativeTarget "ChuckFactsTests" */;
			buildPhases = (
				58C7CA6C60D547D247BB7B8C /* [CP] Check Pods Manifest.lock */,
				024F7E5A238CCCBB00616C45 /* Sources */,
				024F7E5B238CCCBB00616C45 /* Frameworks */,
				024F7E5C238CCCBB00616C45 /* Resources */,
			);
			buildRules = (
			);
			dependencies = (
				024F7E64238CCCBB00616C45 /* PBXTargetDependency */,
			);
			name = ChuckFactsTests;
			productName = ChuckFactsTests;
			productReference = 024F7E5E238CCCBB00616C45 /* ChuckFactsTests.xctest */;
			productType = "com.apple.product-type.bundle.unit-test";
		};
		027BC1B6238A171700F9DB85 /* ChuckFacts */ = {
			isa = PBXNativeTarget;
			buildConfigurationList = 027BC1C9238A171800F9DB85 /* Build configuration list for PBXNativeTarget "ChuckFacts" */;
			buildPhases = (
				5FDC7E951E7AC56A48E3F077 /* [CP] Check Pods Manifest.lock */,
				027BC1B3238A171700F9DB85 /* Sources */,
				027BC1B4238A171700F9DB85 /* Frameworks */,
				027BC1B5238A171700F9DB85 /* Resources */,
				025C290B238ADAD700C55BD8 /* Swift Lint */,
				8CBB9BC3BB636A36A38D21E8 /* [CP] Embed Pods Frameworks */,
			);
			buildRules = (
			);
			dependencies = (
			);
			name = ChuckFacts;
			productName = ChuckFacts;
			productReference = 027BC1B7238A171700F9DB85 /* ChuckFacts.app */;
			productType = "com.apple.product-type.application";
		};
/* End PBXNativeTarget section */

/* Begin PBXProject section */
		027BC1AF238A171700F9DB85 /* Project object */ = {
			isa = PBXProject;
			attributes = {
				LastSwiftUpdateCheck = 1010;
				LastUpgradeCheck = 1010;
				ORGANIZATIONNAME = "Felipe Mendes";
				TargetAttributes = {
					024F7E5D238CCCBB00616C45 = {
						CreatedOnToolsVersion = 10.1;
						TestTargetID = 027BC1B6238A171700F9DB85;
					};
					027BC1B6238A171700F9DB85 = {
						CreatedOnToolsVersion = 10.1;
					};
				};
			};
			buildConfigurationList = 027BC1B2238A171700F9DB85 /* Build configuration list for PBXProject "ChuckFacts" */;
			compatibilityVersion = "Xcode 9.3";
			developmentRegion = en;
			hasScannedForEncodings = 0;
			knownRegions = (
				en,
				Base,
			);
			mainGroup = 027BC1AE238A171700F9DB85;
			productRefGroup = 027BC1B8238A171700F9DB85 /* Products */;
			projectDirPath = "";
			projectRoot = "";
			targets = (
				027BC1B6238A171700F9DB85 /* ChuckFacts */,
				024F7E5D238CCCBB00616C45 /* ChuckFactsTests */,
			);
		};
/* End PBXProject section */

/* Begin PBXResourcesBuildPhase section */
		024F7E5C238CCCBB00616C45 /* Resources */ = {
			isa = PBXResourcesBuildPhase;
			buildActionMask = 2147483647;
			files = (
				02346EB8239B3745006F482D /* singleFactWithValueLenghtBiggerThan80.json in Resources */,
				02DA7EB9238E12B0000BA7D7 /* emptyFacts.json in Resources */,
				024F7E6C238CCFD700616C45 /* singleFact.json in Resources */,
				02346EB9239B3747006F482D /* singleFactWithValueLenghtSmallerThan80.json in Resources */,
				02DA7EB7238E1176000BA7D7 /* multipleFacts.json in Resources */,
			);
			runOnlyForDeploymentPostprocessing = 0;
		};
		027BC1B5238A171700F9DB85 /* Resources */ = {
			isa = PBXResourcesBuildPhase;
			buildActionMask = 2147483647;
			files = (
				02346EA52399F000006F482D /* Colors.xcassets in Resources */,
				02346EA92399FDC0006F482D /* Images.xcassets in Resources */,
				027BC1C5238A171800F9DB85 /* LaunchScreen.storyboard in Resources */,
				027BC1C2238A171800F9DB85 /* Assets.xcassets in Resources */,
			);
			runOnlyForDeploymentPostprocessing = 0;
		};
/* End PBXResourcesBuildPhase section */

/* Begin PBXShellScriptBuildPhase section */
		025C290B238ADAD700C55BD8 /* Swift Lint */ = {
			isa = PBXShellScriptBuildPhase;
			buildActionMask = 2147483647;
			files = (
			);
			inputFileListPaths = (
			);
			inputPaths = (
			);
			name = "Swift Lint";
			outputFileListPaths = (
			);
			outputPaths = (
			);
			runOnlyForDeploymentPostprocessing = 0;
			shellPath = /bin/sh;
			shellScript = "\"${PODS_ROOT}/SwiftLint/swiftlint\"\n";
		};
		58C7CA6C60D547D247BB7B8C /* [CP] Check Pods Manifest.lock */ = {
			isa = PBXShellScriptBuildPhase;
			buildActionMask = 2147483647;
			files = (
			);
			inputFileListPaths = (
			);
			inputPaths = (
				"${PODS_PODFILE_DIR_PATH}/Podfile.lock",
				"${PODS_ROOT}/Manifest.lock",
			);
			name = "[CP] Check Pods Manifest.lock";
			outputFileListPaths = (
			);
			outputPaths = (
				"$(DERIVED_FILE_DIR)/Pods-ChuckFactsTests-checkManifestLockResult.txt",
			);
			runOnlyForDeploymentPostprocessing = 0;
			shellPath = /bin/sh;
			shellScript = "diff \"${PODS_PODFILE_DIR_PATH}/Podfile.lock\" \"${PODS_ROOT}/Manifest.lock\" > /dev/null\nif [ $? != 0 ] ; then\n    # print error to STDERR\n    echo \"error: The sandbox is not in sync with the Podfile.lock. Run 'pod install' or update your CocoaPods installation.\" >&2\n    exit 1\nfi\n# This output is used by Xcode 'outputs' to avoid re-running this script phase.\necho \"SUCCESS\" > \"${SCRIPT_OUTPUT_FILE_0}\"\n";
			showEnvVarsInLog = 0;
		};
		5FDC7E951E7AC56A48E3F077 /* [CP] Check Pods Manifest.lock */ = {
			isa = PBXShellScriptBuildPhase;
			buildActionMask = 2147483647;
			files = (
			);
			inputFileListPaths = (
			);
			inputPaths = (
				"${PODS_PODFILE_DIR_PATH}/Podfile.lock",
				"${PODS_ROOT}/Manifest.lock",
			);
			name = "[CP] Check Pods Manifest.lock";
			outputFileListPaths = (
			);
			outputPaths = (
				"$(DERIVED_FILE_DIR)/Pods-ChuckFacts-checkManifestLockResult.txt",
			);
			runOnlyForDeploymentPostprocessing = 0;
			shellPath = /bin/sh;
			shellScript = "diff \"${PODS_PODFILE_DIR_PATH}/Podfile.lock\" \"${PODS_ROOT}/Manifest.lock\" > /dev/null\nif [ $? != 0 ] ; then\n    # print error to STDERR\n    echo \"error: The sandbox is not in sync with the Podfile.lock. Run 'pod install' or update your CocoaPods installation.\" >&2\n    exit 1\nfi\n# This output is used by Xcode 'outputs' to avoid re-running this script phase.\necho \"SUCCESS\" > \"${SCRIPT_OUTPUT_FILE_0}\"\n";
			showEnvVarsInLog = 0;
		};
		8CBB9BC3BB636A36A38D21E8 /* [CP] Embed Pods Frameworks */ = {
			isa = PBXShellScriptBuildPhase;
			buildActionMask = 2147483647;
			files = (
			);
			inputFileListPaths = (
				"${PODS_ROOT}/Target Support Files/Pods-ChuckFacts/Pods-ChuckFacts-frameworks-${CONFIGURATION}-input-files.xcfilelist",
			);
			name = "[CP] Embed Pods Frameworks";
			outputFileListPaths = (
				"${PODS_ROOT}/Target Support Files/Pods-ChuckFacts/Pods-ChuckFacts-frameworks-${CONFIGURATION}-output-files.xcfilelist",
			);
			runOnlyForDeploymentPostprocessing = 0;
			shellPath = /bin/sh;
			shellScript = "\"${PODS_ROOT}/Target Support Files/Pods-ChuckFacts/Pods-ChuckFacts-frameworks.sh\"\n";
			showEnvVarsInLog = 0;
		};
/* End PBXShellScriptBuildPhase section */

/* Begin PBXSourcesBuildPhase section */
		024F7E5A238CCCBB00616C45 /* Sources */ = {
			isa = PBXSourcesBuildPhase;
			buildActionMask = 2147483647;
			files = (
				024F7E61238CCCBB00616C45 /* BundleTests.swift in Sources */,
				02DA7EB3238DFE94000BA7D7 /* Bundle+Extension.swift in Sources */,
				02E033022396061600F5915A /* FactResponse.swift in Sources */,
				02346EB5239B30BF006F482D /* HomeViewModelTests.swift in Sources */,
				025F53072392E4A9007D3755 /* ServiceManagerTests.swift in Sources */,
				02E032E22395DEE400F5915A /* StorageTests.swift in Sources */,
				02E033012396061600F5915A /* Fact.swift in Sources */,
				02CBC146239DD8CD00EF7C77 /* CloudTagViewModelTests.swift in Sources */,
				025F53052392DDF0007D3755 /* ServiceEndpointTests.swift in Sources */,
			);
			runOnlyForDeploymentPostprocessing = 0;
		};
		027BC1B3238A171700F9DB85 /* Sources */ = {
			isa = PBXSourcesBuildPhase;
			buildActionMask = 2147483647;
			files = (
				025F53012392C1CD007D3755 /* URLParameterEncoder.swift in Sources */,
				02E032E42395F88100F5915A /* SearchViewModel.swift in Sources */,
				0219953D238CA04E0034B3EE /* Factory.swift in Sources */,
				02CBC134239D1D7200EF7C77 /* CloudTagView.swift in Sources */,
				025F52FF2392C156007D3755 /* Encodable.swift in Sources */,
				02199539238C9EFE0034B3EE /* DepedencyInjection.swift in Sources */,
				02DA7ED62390AF31000BA7D7 /* Endpointable.swift in Sources */,
				02346EC2239B45F8006F482D /* ViewLayoutable.swift in Sources */,
				02E4DD632397520000A93DB0 /* UIFont+Extension.swift in Sources */,
				02CBC13D239DB6FE00EF7C77 /* CloudTagViewModel.swift in Sources */,
				02346EC4239B469E006F482D /* ViewState.swift in Sources */,
				024F7E58238CCA8F00616C45 /* FactResponse.swift in Sources */,
				02346EA32399EEB2006F482D /* UIColor+Extension.swift in Sources */,
				02346EAB2399FE61006F482D /* UIImage+Extension.swift in Sources */,
				02E4DD5F239750A400A93DB0 /* FactCell.swift in Sources */,
				020652352395D42D00856A39 /* Search.swift in Sources */,
				02346EB2239B2166006F482D /* FactCellDelegate.swift in Sources */,
				02E4DD672397543600A93DB0 /* UIButton+Extension.swift in Sources */,
				02D0BDF2238B56B7006ABDF4 /* FlowController.swift in Sources */,
				02DA7ECB23909D1F000BA7D7 /* Endpoint.swift in Sources */,
				02DA7EDB2390B2F2000BA7D7 /* HTTPTask.swift in Sources */,
				02CBC144239DD31900EF7C77 /* Array+Extension.swift in Sources */,
				02DA7EDD2390B8B0000BA7D7 /* Routable.swift in Sources */,
				02018CC223989D30008E8F2F /* ServiceAssembly.swift in Sources */,
				02CBC139239DA24F00EF7C77 /* String+Extension.swift in Sources */,
				026E1A1B23974718006DB7D2 /* DataModel.xcdatamodel in Sources */,
				02346EA72399F381006F482D /* UIView+Extension.swift in Sources */,
				02346EB0239B2088006F482D /* HomeViewControllerDelegate.swift in Sources */,
				02B4B57923972C760093C3E0 /* SearchViewController.swift in Sources */,
				024F7E56238CC8AF00616C45 /* Fact.swift in Sources */,
				02E4DD612397512100A93DB0 /* Guideline.swift in Sources */,
				0219953F238CA2F30034B3EE /* FactoryImplementation.swift in Sources */,
				02346EBF239B44AC006F482D /* PlaceholderView.swift in Sources */,
				02CBC137239D220500EF7C77 /* CloudTagCell.swift in Sources */,
				02DA7ED32390AC31000BA7D7 /* ServiceManager.swift in Sources */,
				02DA7ED02390A3B1000BA7D7 /* Environment.swift in Sources */,
				020652372395D4D000856A39 /* SearchDataAccessProvider.swift in Sources */,
				02018CBE23989CF8008E8F2F /* FeatureAssembly.swift in Sources */,
				02CBC13F239DB9B000EF7C77 /* ComponentAssembly.swift in Sources */,
				02B4B57B23972C990093C3E0 /* HomeViewModel.swift in Sources */,
				02DA7ED82390AF88000BA7D7 /* Router.swift in Sources */,
				02E4DD65239753DE00A93DB0 /* UILabel+Extension.swift in Sources */,
				027BC1BB238A171700F9DB85 /* AppDelegate.swift in Sources */,
				02D0BDED238B5684006ABDF4 /* HomeViewController.swift in Sources */,
				02CBC12B239C9B7E00EF7C77 /* SearchViewControllerDelegate.swift in Sources */,
			);
			runOnlyForDeploymentPostprocessing = 0;
		};
/* End PBXSourcesBuildPhase section */

/* Begin PBXTargetDependency section */
		024F7E64238CCCBB00616C45 /* PBXTargetDependency */ = {
			isa = PBXTargetDependency;
			target = 027BC1B6238A171700F9DB85 /* ChuckFacts */;
			targetProxy = 024F7E63238CCCBB00616C45 /* PBXContainerItemProxy */;
		};
/* End PBXTargetDependency section */

/* Begin PBXVariantGroup section */
		027BC1C3238A171800F9DB85 /* LaunchScreen.storyboard */ = {
			isa = PBXVariantGroup;
			children = (
				027BC1C4238A171800F9DB85 /* Base */,
			);
			name = LaunchScreen.storyboard;
			sourceTree = "<group>";
		};
/* End PBXVariantGroup section */

/* Begin XCBuildConfiguration section */
		024F7E66238CCCBB00616C45 /* Debug */ = {
			isa = XCBuildConfiguration;
			baseConfigurationReference = D546F82707D64339191DC50B /* Pods-ChuckFactsTests.debug.xcconfig */;
			buildSettings = {
				BUNDLE_LOADER = "$(TEST_HOST)";
				CODE_SIGN_STYLE = Automatic;
				DEVELOPMENT_TEAM = 3H3EUG783L;
				INFOPLIST_FILE = ChuckFactsTests/Info.plist;
				LD_RUNPATH_SEARCH_PATHS = (
					"$(inherited)",
					"@executable_path/Frameworks",
					"@loader_path/Frameworks",
				);
				PRODUCT_BUNDLE_IDENTIFIER = com.felipemendes.ChuckFactsTests;
				PRODUCT_NAME = "$(TARGET_NAME)";
				SWIFT_VERSION = 4.2;
				TARGETED_DEVICE_FAMILY = "1,2";
				TEST_HOST = "$(BUILT_PRODUCTS_DIR)/ChuckFacts.app/ChuckFacts";
			};
			name = Debug;
		};
		024F7E67238CCCBB00616C45 /* Release */ = {
			isa = XCBuildConfiguration;
			baseConfigurationReference = 8CB12969F793ECA20AFC4113 /* Pods-ChuckFactsTests.release.xcconfig */;
			buildSettings = {
				BUNDLE_LOADER = "$(TEST_HOST)";
				CODE_SIGN_STYLE = Automatic;
				DEVELOPMENT_TEAM = 3H3EUG783L;
				INFOPLIST_FILE = ChuckFactsTests/Info.plist;
				LD_RUNPATH_SEARCH_PATHS = (
					"$(inherited)",
					"@executable_path/Frameworks",
					"@loader_path/Frameworks",
				);
				PRODUCT_BUNDLE_IDENTIFIER = com.felipemendes.ChuckFactsTests;
				PRODUCT_NAME = "$(TARGET_NAME)";
				SWIFT_VERSION = 4.2;
				TARGETED_DEVICE_FAMILY = "1,2";
				TEST_HOST = "$(BUILT_PRODUCTS_DIR)/ChuckFacts.app/ChuckFacts";
			};
			name = Release;
		};
		027BC1C7238A171800F9DB85 /* Debug */ = {
			isa = XCBuildConfiguration;
			buildSettings = {
				ALWAYS_SEARCH_USER_PATHS = NO;
				CLANG_ANALYZER_NONNULL = YES;
				CLANG_ANALYZER_NUMBER_OBJECT_CONVERSION = YES_AGGRESSIVE;
				CLANG_CXX_LANGUAGE_STANDARD = "gnu++14";
				CLANG_CXX_LIBRARY = "libc++";
				CLANG_ENABLE_MODULES = YES;
				CLANG_ENABLE_OBJC_ARC = YES;
				CLANG_ENABLE_OBJC_WEAK = YES;
				CLANG_WARN_BLOCK_CAPTURE_AUTORELEASING = YES;
				CLANG_WARN_BOOL_CONVERSION = YES;
				CLANG_WARN_COMMA = YES;
				CLANG_WARN_CONSTANT_CONVERSION = YES;
				CLANG_WARN_DEPRECATED_OBJC_IMPLEMENTATIONS = YES;
				CLANG_WARN_DIRECT_OBJC_ISA_USAGE = YES_ERROR;
				CLANG_WARN_DOCUMENTATION_COMMENTS = YES;
				CLANG_WARN_EMPTY_BODY = YES;
				CLANG_WARN_ENUM_CONVERSION = YES;
				CLANG_WARN_INFINITE_RECURSION = YES;
				CLANG_WARN_INT_CONVERSION = YES;
				CLANG_WARN_NON_LITERAL_NULL_CONVERSION = YES;
				CLANG_WARN_OBJC_IMPLICIT_RETAIN_SELF = YES;
				CLANG_WARN_OBJC_LITERAL_CONVERSION = YES;
				CLANG_WARN_OBJC_ROOT_CLASS = YES_ERROR;
				CLANG_WARN_RANGE_LOOP_ANALYSIS = YES;
				CLANG_WARN_STRICT_PROTOTYPES = YES;
				CLANG_WARN_SUSPICIOUS_MOVE = YES;
				CLANG_WARN_UNGUARDED_AVAILABILITY = YES_AGGRESSIVE;
				CLANG_WARN_UNREACHABLE_CODE = YES;
				CLANG_WARN__DUPLICATE_METHOD_MATCH = YES;
				CODE_SIGN_IDENTITY = "iPhone Developer";
				COPY_PHASE_STRIP = NO;
				DEBUG_INFORMATION_FORMAT = dwarf;
				ENABLE_STRICT_OBJC_MSGSEND = YES;
				ENABLE_TESTABILITY = YES;
				GCC_C_LANGUAGE_STANDARD = gnu11;
				GCC_DYNAMIC_NO_PIC = NO;
				GCC_NO_COMMON_BLOCKS = YES;
				GCC_OPTIMIZATION_LEVEL = 0;
				GCC_PREPROCESSOR_DEFINITIONS = (
					"DEBUG=1",
					"$(inherited)",
				);
				GCC_WARN_64_TO_32_BIT_CONVERSION = YES;
				GCC_WARN_ABOUT_RETURN_TYPE = YES_ERROR;
				GCC_WARN_UNDECLARED_SELECTOR = YES;
				GCC_WARN_UNINITIALIZED_AUTOS = YES_AGGRESSIVE;
				GCC_WARN_UNUSED_FUNCTION = YES;
				GCC_WARN_UNUSED_VARIABLE = YES;
				IPHONEOS_DEPLOYMENT_TARGET = 12.1;
				MTL_ENABLE_DEBUG_INFO = INCLUDE_SOURCE;
				MTL_FAST_MATH = YES;
				ONLY_ACTIVE_ARCH = YES;
				SDKROOT = iphoneos;
				SWIFT_ACTIVE_COMPILATION_CONDITIONS = DEBUG;
				SWIFT_OPTIMIZATION_LEVEL = "-Onone";
				SWIFT_VERSION = 4.2;
			};
			name = Debug;
		};
		027BC1C8238A171800F9DB85 /* Release */ = {
			isa = XCBuildConfiguration;
			buildSettings = {
				ALWAYS_SEARCH_USER_PATHS = NO;
				CLANG_ANALYZER_NONNULL = YES;
				CLANG_ANALYZER_NUMBER_OBJECT_CONVERSION = YES_AGGRESSIVE;
				CLANG_CXX_LANGUAGE_STANDARD = "gnu++14";
				CLANG_CXX_LIBRARY = "libc++";
				CLANG_ENABLE_MODULES = YES;
				CLANG_ENABLE_OBJC_ARC = YES;
				CLANG_ENABLE_OBJC_WEAK = YES;
				CLANG_WARN_BLOCK_CAPTURE_AUTORELEASING = YES;
				CLANG_WARN_BOOL_CONVERSION = YES;
				CLANG_WARN_COMMA = YES;
				CLANG_WARN_CONSTANT_CONVERSION = YES;
				CLANG_WARN_DEPRECATED_OBJC_IMPLEMENTATIONS = YES;
				CLANG_WARN_DIRECT_OBJC_ISA_USAGE = YES_ERROR;
				CLANG_WARN_DOCUMENTATION_COMMENTS = YES;
				CLANG_WARN_EMPTY_BODY = YES;
				CLANG_WARN_ENUM_CONVERSION = YES;
				CLANG_WARN_INFINITE_RECURSION = YES;
				CLANG_WARN_INT_CONVERSION = YES;
				CLANG_WARN_NON_LITERAL_NULL_CONVERSION = YES;
				CLANG_WARN_OBJC_IMPLICIT_RETAIN_SELF = YES;
				CLANG_WARN_OBJC_LITERAL_CONVERSION = YES;
				CLANG_WARN_OBJC_ROOT_CLASS = YES_ERROR;
				CLANG_WARN_RANGE_LOOP_ANALYSIS = YES;
				CLANG_WARN_STRICT_PROTOTYPES = YES;
				CLANG_WARN_SUSPICIOUS_MOVE = YES;
				CLANG_WARN_UNGUARDED_AVAILABILITY = YES_AGGRESSIVE;
				CLANG_WARN_UNREACHABLE_CODE = YES;
				CLANG_WARN__DUPLICATE_METHOD_MATCH = YES;
				CODE_SIGN_IDENTITY = "iPhone Developer";
				COPY_PHASE_STRIP = NO;
				DEBUG_INFORMATION_FORMAT = "dwarf-with-dsym";
				ENABLE_NS_ASSERTIONS = NO;
				ENABLE_STRICT_OBJC_MSGSEND = YES;
				GCC_C_LANGUAGE_STANDARD = gnu11;
				GCC_NO_COMMON_BLOCKS = YES;
				GCC_WARN_64_TO_32_BIT_CONVERSION = YES;
				GCC_WARN_ABOUT_RETURN_TYPE = YES_ERROR;
				GCC_WARN_UNDECLARED_SELECTOR = YES;
				GCC_WARN_UNINITIALIZED_AUTOS = YES_AGGRESSIVE;
				GCC_WARN_UNUSED_FUNCTION = YES;
				GCC_WARN_UNUSED_VARIABLE = YES;
				IPHONEOS_DEPLOYMENT_TARGET = 12.1;
				MTL_ENABLE_DEBUG_INFO = NO;
				MTL_FAST_MATH = YES;
				SDKROOT = iphoneos;
				SWIFT_COMPILATION_MODE = wholemodule;
				SWIFT_OPTIMIZATION_LEVEL = "-O";
				SWIFT_VERSION = 4.2;
				VALIDATE_PRODUCT = YES;
			};
			name = Release;
		};
		027BC1CA238A171800F9DB85 /* Debug */ = {
			isa = XCBuildConfiguration;
			baseConfigurationReference = 0B7332EE781FA1B0092CB499 /* Pods-ChuckFacts.debug.xcconfig */;
			buildSettings = {
				ASSETCATALOG_COMPILER_APPICON_NAME = AppIcon;
				CODE_SIGN_STYLE = Automatic;
				DEVELOPMENT_TEAM = "";
				INFOPLIST_FILE = "$(SRCROOT)/ChuckFacts/Resources/Info.plist";
				LD_RUNPATH_SEARCH_PATHS = (
					"$(inherited)",
					"@executable_path/Frameworks",
				);
				PRODUCT_BUNDLE_IDENTIFIER = com.felipemendes.ChuckFacts;
				PRODUCT_NAME = "$(TARGET_NAME)";
				SWIFT_VERSION = 4.2;
				TARGETED_DEVICE_FAMILY = 1;
			};
			name = Debug;
		};
		027BC1CB238A171800F9DB85 /* Release */ = {
			isa = XCBuildConfiguration;
			baseConfigurationReference = A36C3C59185CDE1DEB45AC9B /* Pods-ChuckFacts.release.xcconfig */;
			buildSettings = {
				ASSETCATALOG_COMPILER_APPICON_NAME = AppIcon;
				CODE_SIGN_STYLE = Automatic;
				DEVELOPMENT_TEAM = "";
				INFOPLIST_FILE = "$(SRCROOT)/ChuckFacts/Resources/Info.plist";
				LD_RUNPATH_SEARCH_PATHS = (
					"$(inherited)",
					"@executable_path/Frameworks",
				);
				PRODUCT_BUNDLE_IDENTIFIER = com.felipemendes.ChuckFacts;
				PRODUCT_NAME = "$(TARGET_NAME)";
				SWIFT_VERSION = 4.2;
				TARGETED_DEVICE_FAMILY = 1;
			};
			name = Release;
		};
/* End XCBuildConfiguration section */

/* Begin XCConfigurationList section */
		024F7E65238CCCBB00616C45 /* Build configuration list for PBXNativeTarget "ChuckFactsTests" */ = {
			isa = XCConfigurationList;
			buildConfigurations = (
				024F7E66238CCCBB00616C45 /* Debug */,
				024F7E67238CCCBB00616C45 /* Release */,
			);
			defaultConfigurationIsVisible = 0;
			defaultConfigurationName = Release;
		};
		027BC1B2238A171700F9DB85 /* Build configuration list for PBXProject "ChuckFacts" */ = {
			isa = XCConfigurationList;
			buildConfigurations = (
				027BC1C7238A171800F9DB85 /* Debug */,
				027BC1C8238A171800F9DB85 /* Release */,
			);
			defaultConfigurationIsVisible = 0;
			defaultConfigurationName = Release;
		};
		027BC1C9238A171800F9DB85 /* Build configuration list for PBXNativeTarget "ChuckFacts" */ = {
			isa = XCConfigurationList;
			buildConfigurations = (
				027BC1CA238A171800F9DB85 /* Debug */,
				027BC1CB238A171800F9DB85 /* Release */,
			);
			defaultConfigurationIsVisible = 0;
			defaultConfigurationName = Release;
		};
/* End XCConfigurationList section */
	};
	rootObject = 027BC1AF238A171700F9DB85 /* Project object */;
}
