// !$*UTF8*$!
{
	archiveVersion = 1;
	classes = {
	};
	objectVersion = 51;
	objects = {

/* Begin PBXBuildFile section */
		02199539238C9EFE0034B3EE /* DepedencyInjection.swift in Sources */ = {isa = PBXBuildFile; fileRef = 02199538238C9EFE0034B3EE /* DepedencyInjection.swift */; };
		0219953B238C9FC80034B3EE /* ChuckAssembly.swift in Sources */ = {isa = PBXBuildFile; fileRef = 0219953A238C9FC80034B3EE /* ChuckAssembly.swift */; };
		0219953D238CA04E0034B3EE /* Factory.swift in Sources */ = {isa = PBXBuildFile; fileRef = 0219953C238CA04E0034B3EE /* Factory.swift */; };
		0219953F238CA2F30034B3EE /* FactoryImplementation.swift in Sources */ = {isa = PBXBuildFile; fileRef = 0219953E238CA2F30034B3EE /* FactoryImplementation.swift */; };
		024F7E56238CC8AF00616C45 /* Fact.swift in Sources */ = {isa = PBXBuildFile; fileRef = 024F7E55238CC8AF00616C45 /* Fact.swift */; };
		024F7E58238CCA8F00616C45 /* FactResponse.swift in Sources */ = {isa = PBXBuildFile; fileRef = 024F7E57238CCA8F00616C45 /* FactResponse.swift */; };
		024F7E61238CCCBB00616C45 /* BundleTests.swift in Sources */ = {isa = PBXBuildFile; fileRef = 024F7E60238CCCBB00616C45 /* BundleTests.swift */; };
		024F7E6C238CCFD700616C45 /* singleFact.json in Resources */ = {isa = PBXBuildFile; fileRef = 024F7E6B238CCF2000616C45 /* singleFact.json */; };
		024F7E6F238CD55E00616C45 /* Fact.swift in Sources */ = {isa = PBXBuildFile; fileRef = 024F7E55238CC8AF00616C45 /* Fact.swift */; };
		025F52FF2392C156007D3755 /* Encodable.swift in Sources */ = {isa = PBXBuildFile; fileRef = 025F52FE2392C156007D3755 /* Encodable.swift */; };
		025F53012392C1CD007D3755 /* URLParameterEncoder.swift in Sources */ = {isa = PBXBuildFile; fileRef = 025F53002392C1CD007D3755 /* URLParameterEncoder.swift */; };
		027BC1BB238A171700F9DB85 /* AppDelegate.swift in Sources */ = {isa = PBXBuildFile; fileRef = 027BC1BA238A171700F9DB85 /* AppDelegate.swift */; };
		027BC1C2238A171800F9DB85 /* Assets.xcassets in Resources */ = {isa = PBXBuildFile; fileRef = 027BC1C1238A171800F9DB85 /* Assets.xcassets */; };
		027BC1C5238A171800F9DB85 /* LaunchScreen.storyboard in Resources */ = {isa = PBXBuildFile; fileRef = 027BC1C3238A171800F9DB85 /* LaunchScreen.storyboard */; };
		02D0BDED238B5684006ABDF4 /* HomeViewController.swift in Sources */ = {isa = PBXBuildFile; fileRef = 02D0BDEC238B5684006ABDF4 /* HomeViewController.swift */; };
		02D0BDF2238B56B7006ABDF4 /* FlowController.swift in Sources */ = {isa = PBXBuildFile; fileRef = 02D0BDF1238B56B7006ABDF4 /* FlowController.swift */; };
		02DA7EB3238DFE94000BA7D7 /* Bundle+Extension.swift in Sources */ = {isa = PBXBuildFile; fileRef = 02DA7EB2238DFE94000BA7D7 /* Bundle+Extension.swift */; };
		02DA7EB5238E0FD1000BA7D7 /* FactResponse.swift in Sources */ = {isa = PBXBuildFile; fileRef = 024F7E57238CCA8F00616C45 /* FactResponse.swift */; };
		02DA7EB7238E1176000BA7D7 /* multipleFacts.json in Resources */ = {isa = PBXBuildFile; fileRef = 02DA7EB6238E10EF000BA7D7 /* multipleFacts.json */; };
		02DA7EB9238E12B0000BA7D7 /* emptyFacts.json in Resources */ = {isa = PBXBuildFile; fileRef = 02DA7EB8238E12B0000BA7D7 /* emptyFacts.json */; };
		02DA7ECB23909D1F000BA7D7 /* Endpoint.swift in Sources */ = {isa = PBXBuildFile; fileRef = 02DA7ECA23909D1F000BA7D7 /* Endpoint.swift */; };
		02DA7ED02390A3B1000BA7D7 /* Environment.swift in Sources */ = {isa = PBXBuildFile; fileRef = 02DA7ECF2390A3B1000BA7D7 /* Environment.swift */; };
		02DA7ED32390AC31000BA7D7 /* ServiceManager.swift in Sources */ = {isa = PBXBuildFile; fileRef = 02DA7ED22390AC31000BA7D7 /* ServiceManager.swift */; };
		02DA7ED62390AF31000BA7D7 /* RequestType.swift in Sources */ = {isa = PBXBuildFile; fileRef = 02DA7ED52390AF31000BA7D7 /* RequestType.swift */; };
		02DA7ED82390AF88000BA7D7 /* Router.swift in Sources */ = {isa = PBXBuildFile; fileRef = 02DA7ED72390AF88000BA7D7 /* Router.swift */; };
		02DA7EDB2390B2F2000BA7D7 /* HTTPTask.swift in Sources */ = {isa = PBXBuildFile; fileRef = 02DA7EDA2390B2F2000BA7D7 /* HTTPTask.swift */; };
		02DA7EDD2390B8B0000BA7D7 /* Routable.swift in Sources */ = {isa = PBXBuildFile; fileRef = 02DA7EDC2390B8B0000BA7D7 /* Routable.swift */; };
		DC7FC1C855D882BC860BB11F /* Pods_ChuckFacts.framework in Frameworks */ = {isa = PBXBuildFile; fileRef = DBADFD4E7EF73E03F07B3786 /* Pods_ChuckFacts.framework */; };
/* End PBXBuildFile section */

/* Begin PBXContainerItemProxy section */
		024F7E63238CCCBB00616C45 /* PBXContainerItemProxy */ = {
			isa = PBXContainerItemProxy;
			containerPortal = 027BC1AF238A171700F9DB85 /* Project object */;
			proxyType = 1;
			remoteGlobalIDString = 027BC1B6238A171700F9DB85;
			remoteInfo = ChuckFacts;
		};
/* End PBXContainerItemProxy section */

/* Begin PBXFileReference section */
		02199538238C9EFE0034B3EE /* DepedencyInjection.swift */ = {isa = PBXFileReference; lastKnownFileType = sourcecode.swift; path = DepedencyInjection.swift; sourceTree = "<group>"; };
		0219953A238C9FC80034B3EE /* ChuckAssembly.swift */ = {isa = PBXFileReference; lastKnownFileType = sourcecode.swift; path = ChuckAssembly.swift; sourceTree = "<group>"; };
		0219953C238CA04E0034B3EE /* Factory.swift */ = {isa = PBXFileReference; lastKnownFileType = sourcecode.swift; path = Factory.swift; sourceTree = "<group>"; };
		0219953E238CA2F30034B3EE /* FactoryImplementation.swift */ = {isa = PBXFileReference; lastKnownFileType = sourcecode.swift; path = FactoryImplementation.swift; sourceTree = "<group>"; };
		024F7E55238CC8AF00616C45 /* Fact.swift */ = {isa = PBXFileReference; lastKnownFileType = sourcecode.swift; path = Fact.swift; sourceTree = "<group>"; };
		024F7E57238CCA8F00616C45 /* FactResponse.swift */ = {isa = PBXFileReference; lastKnownFileType = sourcecode.swift; path = FactResponse.swift; sourceTree = "<group>"; };
		024F7E5E238CCCBB00616C45 /* ChuckFactsTests.xctest */ = {isa = PBXFileReference; explicitFileType = wrapper.cfbundle; includeInIndex = 0; path = ChuckFactsTests.xctest; sourceTree = BUILT_PRODUCTS_DIR; };
		024F7E60238CCCBB00616C45 /* BundleTests.swift */ = {isa = PBXFileReference; lastKnownFileType = sourcecode.swift; path = BundleTests.swift; sourceTree = "<group>"; };
		024F7E62238CCCBB00616C45 /* Info.plist */ = {isa = PBXFileReference; lastKnownFileType = text.plist.xml; path = Info.plist; sourceTree = "<group>"; };
		024F7E6B238CCF2000616C45 /* singleFact.json */ = {isa = PBXFileReference; lastKnownFileType = text.json; path = singleFact.json; sourceTree = "<group>"; };
		025F52FE2392C156007D3755 /* Encodable.swift */ = {isa = PBXFileReference; lastKnownFileType = sourcecode.swift; path = Encodable.swift; sourceTree = "<group>"; };
		025F53002392C1CD007D3755 /* URLParameterEncoder.swift */ = {isa = PBXFileReference; lastKnownFileType = sourcecode.swift; path = URLParameterEncoder.swift; sourceTree = "<group>"; };
		027BC1B7238A171700F9DB85 /* ChuckFacts.app */ = {isa = PBXFileReference; explicitFileType = wrapper.application; includeInIndex = 0; path = ChuckFacts.app; sourceTree = BUILT_PRODUCTS_DIR; };
		027BC1BA238A171700F9DB85 /* AppDelegate.swift */ = {isa = PBXFileReference; lastKnownFileType = sourcecode.swift; path = AppDelegate.swift; sourceTree = "<group>"; };
		027BC1C1238A171800F9DB85 /* Assets.xcassets */ = {isa = PBXFileReference; lastKnownFileType = folder.assetcatalog; path = Assets.xcassets; sourceTree = "<group>"; };
		027BC1C4238A171800F9DB85 /* Base */ = {isa = PBXFileReference; lastKnownFileType = file.storyboard; name = Base; path = Base.lproj/LaunchScreen.storyboard; sourceTree = "<group>"; };
		027BC1C6238A171800F9DB85 /* Info.plist */ = {isa = PBXFileReference; lastKnownFileType = text.plist.xml; path = Info.plist; sourceTree = "<group>"; };
		02D0BDEC238B5684006ABDF4 /* HomeViewController.swift */ = {isa = PBXFileReference; lastKnownFileType = sourcecode.swift; path = HomeViewController.swift; sourceTree = "<group>"; };
		02D0BDF1238B56B7006ABDF4 /* FlowController.swift */ = {isa = PBXFileReference; lastKnownFileType = sourcecode.swift; path = FlowController.swift; sourceTree = "<group>"; };
		02DA7EB2238DFE94000BA7D7 /* Bundle+Extension.swift */ = {isa = PBXFileReference; lastKnownFileType = sourcecode.swift; path = "Bundle+Extension.swift"; sourceTree = "<group>"; };
		02DA7EB6238E10EF000BA7D7 /* multipleFacts.json */ = {isa = PBXFileReference; lastKnownFileType = text.json; path = multipleFacts.json; sourceTree = "<group>"; };
		02DA7EB8238E12B0000BA7D7 /* emptyFacts.json */ = {isa = PBXFileReference; lastKnownFileType = text.json; path = emptyFacts.json; sourceTree = "<group>"; };
		02DA7ECA23909D1F000BA7D7 /* Endpoint.swift */ = {isa = PBXFileReference; lastKnownFileType = sourcecode.swift; path = Endpoint.swift; sourceTree = "<group>"; };
		02DA7ECF2390A3B1000BA7D7 /* Environment.swift */ = {isa = PBXFileReference; lastKnownFileType = sourcecode.swift; path = Environment.swift; sourceTree = "<group>"; };
		02DA7ED22390AC31000BA7D7 /* ServiceManager.swift */ = {isa = PBXFileReference; lastKnownFileType = sourcecode.swift; path = ServiceManager.swift; sourceTree = "<group>"; };
		02DA7ED52390AF31000BA7D7 /* RequestType.swift */ = {isa = PBXFileReference; lastKnownFileType = sourcecode.swift; path = RequestType.swift; sourceTree = "<group>"; };
		02DA7ED72390AF88000BA7D7 /* Router.swift */ = {isa = PBXFileReference; lastKnownFileType = sourcecode.swift; path = Router.swift; sourceTree = "<group>"; };
		02DA7EDA2390B2F2000BA7D7 /* HTTPTask.swift */ = {isa = PBXFileReference; lastKnownFileType = sourcecode.swift; path = HTTPTask.swift; sourceTree = "<group>"; };
		02DA7EDC2390B8B0000BA7D7 /* Routable.swift */ = {isa = PBXFileReference; lastKnownFileType = sourcecode.swift; path = Routable.swift; sourceTree = "<group>"; };
		0B7332EE781FA1B0092CB499 /* Pods-ChuckFacts.debug.xcconfig */ = {isa = PBXFileReference; includeInIndex = 1; lastKnownFileType = text.xcconfig; name = "Pods-ChuckFacts.debug.xcconfig"; path = "Target Support Files/Pods-ChuckFacts/Pods-ChuckFacts.debug.xcconfig"; sourceTree = "<group>"; };
		A36C3C59185CDE1DEB45AC9B /* Pods-ChuckFacts.release.xcconfig */ = {isa = PBXFileReference; includeInIndex = 1; lastKnownFileType = text.xcconfig; name = "Pods-ChuckFacts.release.xcconfig"; path = "Target Support Files/Pods-ChuckFacts/Pods-ChuckFacts.release.xcconfig"; sourceTree = "<group>"; };
		DBADFD4E7EF73E03F07B3786 /* Pods_ChuckFacts.framework */ = {isa = PBXFileReference; explicitFileType = wrapper.framework; includeInIndex = 0; path = Pods_ChuckFacts.framework; sourceTree = BUILT_PRODUCTS_DIR; };
/* End PBXFileReference section */

/* Begin PBXFrameworksBuildPhase section */
		024F7E5B238CCCBB00616C45 /* Frameworks */ = {
			isa = PBXFrameworksBuildPhase;
			buildActionMask = 2147483647;
			files = (
			);
			runOnlyForDeploymentPostprocessing = 0;
		};
		027BC1B4238A171700F9DB85 /* Frameworks */ = {
			isa = PBXFrameworksBuildPhase;
			buildActionMask = 2147483647;
			files = (
				DC7FC1C855D882BC860BB11F /* Pods_ChuckFacts.framework in Frameworks */,
			);
			runOnlyForDeploymentPostprocessing = 0;
		};
/* End PBXFrameworksBuildPhase section */

/* Begin PBXGroup section */
		02199540238CA7510034B3EE /* App */ = {
			isa = PBXGroup;
			children = (
				027BC1BA238A171700F9DB85 /* AppDelegate.swift */,
			);
			path = App;
			sourceTree = "<group>";
		};
		024F7E53238CC7EE00616C45 /* ChuckFactsDomain */ = {
			isa = PBXGroup;
			children = (
				024F7E54238CC81000616C45 /* Models */,
			);
			path = ChuckFactsDomain;
			sourceTree = "<group>";
		};
		024F7E54238CC81000616C45 /* Models */ = {
			isa = PBXGroup;
			children = (
				024F7E55238CC8AF00616C45 /* Fact.swift */,
				024F7E57238CCA8F00616C45 /* FactResponse.swift */,
			);
			path = Models;
			sourceTree = "<group>";
		};
		024F7E59238CCBB200616C45 /* ChuckFactsUI */ = {
			isa = PBXGroup;
			children = (
				0219953C238CA04E0034B3EE /* Factory.swift */,
				02D0BDF1238B56B7006ABDF4 /* FlowController.swift */,
				02D0BDEB238B5676006ABDF4 /* Features */,
			);
			path = ChuckFactsUI;
			sourceTree = "<group>";
		};
		024F7E5F238CCCBB00616C45 /* ChuckFactsTests */ = {
			isa = PBXGroup;
			children = (
				02DA7EB4238E0DD9000BA7D7 /* Extensions */,
				024F7E6E238CD05A00616C45 /* Stubs */,
				024F7E60238CCCBB00616C45 /* BundleTests.swift */,
				024F7E62238CCCBB00616C45 /* Info.plist */,
			);
			path = ChuckFactsTests;
			sourceTree = "<group>";
		};
		024F7E6E238CD05A00616C45 /* Stubs */ = {
			isa = PBXGroup;
			children = (
				024F7E6B238CCF2000616C45 /* singleFact.json */,
				02DA7EB6238E10EF000BA7D7 /* multipleFacts.json */,
				02DA7EB8238E12B0000BA7D7 /* emptyFacts.json */,
			);
			path = Stubs;
			sourceTree = "<group>";
		};
		025F52FA2391F2F9007D3755 /* Services */ = {
			isa = PBXGroup;
			children = (
				02DA7EDC2390B8B0000BA7D7 /* Routable.swift */,
				02DA7ED72390AF88000BA7D7 /* Router.swift */,
				02DA7ED52390AF31000BA7D7 /* RequestType.swift */,
				02DA7EDA2390B2F2000BA7D7 /* HTTPTask.swift */,
			);
			path = Services;
			sourceTree = "<group>";
		};
		025F52FB2392C0EC007D3755 /* Enconding */ = {
			isa = PBXGroup;
			children = (
				025F52FE2392C156007D3755 /* Encodable.swift */,
				025F53002392C1CD007D3755 /* URLParameterEncoder.swift */,
			);
			path = Enconding;
			sourceTree = "<group>";
		};
		027BC1AE238A171700F9DB85 = {
			isa = PBXGroup;
			children = (
				027BC1B9238A171700F9DB85 /* ChuckFacts */,
				024F7E59238CCBB200616C45 /* ChuckFactsUI */,
				024F7E53238CC7EE00616C45 /* ChuckFactsDomain */,
				02DA7ECC23909DCE000BA7D7 /* ChuckService */,
				02DA7ECD2390A0C5000BA7D7 /* ChuckUIKit */,
				024F7E5F238CCCBB00616C45 /* ChuckFactsTests */,
				027BC1B8238A171700F9DB85 /* Products */,
				0854B1861F5AEA1F6123E6A2 /* Pods */,
				A68590F8338AEC7E5C36D8B6 /* Frameworks */,
			);
			sourceTree = "<group>";
		};
		027BC1B8238A171700F9DB85 /* Products */ = {
			isa = PBXGroup;
			children = (
				027BC1B7238A171700F9DB85 /* ChuckFacts.app */,
				024F7E5E238CCCBB00616C45 /* ChuckFactsTests.xctest */,
			);
			name = Products;
			sourceTree = "<group>";
		};
		027BC1B9238A171700F9DB85 /* ChuckFacts */ = {
			isa = PBXGroup;
			children = (
				02199540238CA7510034B3EE /* App */,
				02D0BDE8238B5515006ABDF4 /* DependencyInjection */,
				027BC1CC238A17C100F9DB85 /* Resources */,
			);
			path = ChuckFacts;
			sourceTree = "<group>";
		};
		027BC1CC238A17C100F9DB85 /* Resources */ = {
			isa = PBXGroup;
			children = (
				027BC1C1238A171800F9DB85 /* Assets.xcassets */,
				027BC1C3238A171800F9DB85 /* LaunchScreen.storyboard */,
				027BC1C6238A171800F9DB85 /* Info.plist */,
			);
			path = Resources;
			sourceTree = "<group>";
		};
		02D0BDE8238B5515006ABDF4 /* DependencyInjection */ = {
			isa = PBXGroup;
			children = (
				02199538238C9EFE0034B3EE /* DepedencyInjection.swift */,
				0219953A238C9FC80034B3EE /* ChuckAssembly.swift */,
				0219953E238CA2F30034B3EE /* FactoryImplementation.swift */,
			);
			path = DependencyInjection;
			sourceTree = "<group>";
		};
		02D0BDEB238B5676006ABDF4 /* Features */ = {
			isa = PBXGroup;
			children = (
				02D0BDEC238B5684006ABDF4 /* HomeViewController.swift */,
			);
			path = Features;
			sourceTree = "<group>";
		};
		02DA7EB4238E0DD9000BA7D7 /* Extensions */ = {
			isa = PBXGroup;
			children = (
				02DA7EB2238DFE94000BA7D7 /* Bundle+Extension.swift */,
			);
			path = Extensions;
			sourceTree = "<group>";
		};
		02DA7EC923909CF0000BA7D7 /* Endpoints */ = {
			isa = PBXGroup;
			children = (
				02DA7ECA23909D1F000BA7D7 /* Endpoint.swift */,
				02DA7ECF2390A3B1000BA7D7 /* Environment.swift */,
			);
			path = Endpoints;
			sourceTree = "<group>";
		};
		02DA7ECC23909DCE000BA7D7 /* ChuckService */ = {
			isa = PBXGroup;
			children = (
				02DA7ED22390AC31000BA7D7 /* ServiceManager.swift */,
				025F52FA2391F2F9007D3755 /* Services */,
				02DA7EC923909CF0000BA7D7 /* Endpoints */,
				025F52FB2392C0EC007D3755 /* Enconding */,
			);
			path = ChuckService;
			sourceTree = "<group>";
		};
		02DA7ECD2390A0C5000BA7D7 /* ChuckUIKit */ = {
			isa = PBXGroup;
			children = (
				02DA7ECE2390A0D4000BA7D7 /* Extensions */,
			);
			path = ChuckUIKit;
			sourceTree = "<group>";
		};
		02DA7ECE2390A0D4000BA7D7 /* Extensions */ = {
			isa = PBXGroup;
			children = (
			);
			path = Extensions;
			sourceTree = "<group>";
		};
		0854B1861F5AEA1F6123E6A2 /* Pods */ = {
			isa = PBXGroup;
			children = (
				A36C3C59185CDE1DEB45AC9B /* Pods-ChuckFacts.release.xcconfig */,
				0B7332EE781FA1B0092CB499 /* Pods-ChuckFacts.debug.xcconfig */,
			);
			path = Pods;
			sourceTree = "<group>";
		};
		A68590F8338AEC7E5C36D8B6 /* Frameworks */ = {
			isa = PBXGroup;
			children = (
				DBADFD4E7EF73E03F07B3786 /* Pods_ChuckFacts.framework */,
			);
			name = Frameworks;
			sourceTree = "<group>";
		};
/* End PBXGroup section */

/* Begin PBXNativeTarget section */
		024F7E5D238CCCBB00616C45 /* ChuckFactsTests */ = {
			isa = PBXNativeTarget;
			buildConfigurationList = 024F7E65238CCCBB00616C45 /* Build configuration list for PBXNativeTarget "ChuckFactsTests" */;
			buildPhases = (
				024F7E5A238CCCBB00616C45 /* Sources */,
				024F7E5B238CCCBB00616C45 /* Frameworks */,
				024F7E5C238CCCBB00616C45 /* Resources */,
			);
			buildRules = (
			);
			dependencies = (
				024F7E64238CCCBB00616C45 /* PBXTargetDependency */,
			);
			name = ChuckFactsTests;
			productName = ChuckFactsTests;
			productReference = 024F7E5E238CCCBB00616C45 /* ChuckFactsTests.xctest */;
			productType = "com.apple.product-type.bundle.unit-test";
		};
		027BC1B6238A171700F9DB85 /* ChuckFacts */ = {
			isa = PBXNativeTarget;
			buildConfigurationList = 027BC1C9238A171800F9DB85 /* Build configuration list for PBXNativeTarget "ChuckFacts" */;
			buildPhases = (
				5FDC7E951E7AC56A48E3F077 /* [CP] Check Pods Manifest.lock */,
				027BC1B3238A171700F9DB85 /* Sources */,
				027BC1B4238A171700F9DB85 /* Frameworks */,
				027BC1B5238A171700F9DB85 /* Resources */,
				025C290B238ADAD700C55BD8 /* Swift Lint */,
				8CBB9BC3BB636A36A38D21E8 /* [CP] Embed Pods Frameworks */,
			);
			buildRules = (
			);
			dependencies = (
			);
			name = ChuckFacts;
			productName = ChuckFacts;
			productReference = 027BC1B7238A171700F9DB85 /* ChuckFacts.app */;
			productType = "com.apple.product-type.application";
		};
/* End PBXNativeTarget section */

/* Begin PBXProject section */
		027BC1AF238A171700F9DB85 /* Project object */ = {
			isa = PBXProject;
			attributes = {
				LastSwiftUpdateCheck = 1010;
				LastUpgradeCheck = 1010;
				ORGANIZATIONNAME = "Felipe Mendes";
				TargetAttributes = {
					024F7E5D238CCCBB00616C45 = {
						CreatedOnToolsVersion = 10.1;
						TestTargetID = 027BC1B6238A171700F9DB85;
					};
					027BC1B6238A171700F9DB85 = {
						CreatedOnToolsVersion = 10.1;
					};
				};
			};
			buildConfigurationList = 027BC1B2238A171700F9DB85 /* Build configuration list for PBXProject "ChuckFacts" */;
			compatibilityVersion = "Xcode 9.3";
			developmentRegion = en;
			hasScannedForEncodings = 0;
			knownRegions = (
				en,
				Base,
			);
			mainGroup = 027BC1AE238A171700F9DB85;
			productRefGroup = 027BC1B8238A171700F9DB85 /* Products */;
			projectDirPath = "";
			projectRoot = "";
			targets = (
				027BC1B6238A171700F9DB85 /* ChuckFacts */,
				024F7E5D238CCCBB00616C45 /* ChuckFactsTests */,
			);
		};
/* End PBXProject section */

/* Begin PBXResourcesBuildPhase section */
		024F7E5C238CCCBB00616C45 /* Resources */ = {
			isa = PBXResourcesBuildPhase;
			buildActionMask = 2147483647;
			files = (
				02DA7EB9238E12B0000BA7D7 /* emptyFacts.json in Resources */,
				024F7E6C238CCFD700616C45 /* singleFact.json in Resources */,
				02DA7EB7238E1176000BA7D7 /* multipleFacts.json in Resources */,
			);
			runOnlyForDeploymentPostprocessing = 0;
		};
		027BC1B5238A171700F9DB85 /* Resources */ = {
			isa = PBXResourcesBuildPhase;
			buildActionMask = 2147483647;
			files = (
				027BC1C5238A171800F9DB85 /* LaunchScreen.storyboard in Resources */,
				027BC1C2238A171800F9DB85 /* Assets.xcassets in Resources */,
			);
			runOnlyForDeploymentPostprocessing = 0;
		};
/* End PBXResourcesBuildPhase section */

/* Begin PBXShellScriptBuildPhase section */
		025C290B238ADAD700C55BD8 /* Swift Lint */ = {
			isa = PBXShellScriptBuildPhase;
			buildActionMask = 2147483647;
			files = (
			);
			inputFileListPaths = (
			);
			inputPaths = (
			);
			name = "Swift Lint";
			outputFileListPaths = (
			);
			outputPaths = (
			);
			runOnlyForDeploymentPostprocessing = 0;
			shellPath = /bin/sh;
			shellScript = "\"${PODS_ROOT}/SwiftLint/swiftlint\"\n";
		};
		5FDC7E951E7AC56A48E3F077 /* [CP] Check Pods Manifest.lock */ = {
			isa = PBXShellScriptBuildPhase;
			buildActionMask = 2147483647;
			files = (
			);
			inputFileListPaths = (
			);
			inputPaths = (
				"${PODS_PODFILE_DIR_PATH}/Podfile.lock",
				"${PODS_ROOT}/Manifest.lock",
			);
			name = "[CP] Check Pods Manifest.lock";
			outputFileListPaths = (
			);
			outputPaths = (
				"$(DERIVED_FILE_DIR)/Pods-ChuckFacts-checkManifestLockResult.txt",
			);
			runOnlyForDeploymentPostprocessing = 0;
			shellPath = /bin/sh;
			shellScript = "diff \"${PODS_PODFILE_DIR_PATH}/Podfile.lock\" \"${PODS_ROOT}/Manifest.lock\" > /dev/null\nif [ $? != 0 ] ; then\n    # print error to STDERR\n    echo \"error: The sandbox is not in sync with the Podfile.lock. Run 'pod install' or update your CocoaPods installation.\" >&2\n    exit 1\nfi\n# This output is used by Xcode 'outputs' to avoid re-running this script phase.\necho \"SUCCESS\" > \"${SCRIPT_OUTPUT_FILE_0}\"\n";
			showEnvVarsInLog = 0;
		};
		8CBB9BC3BB636A36A38D21E8 /* [CP] Embed Pods Frameworks */ = {
			isa = PBXShellScriptBuildPhase;
			buildActionMask = 2147483647;
			files = (
			);
			inputFileListPaths = (
				"${PODS_ROOT}/Target Support Files/Pods-ChuckFacts/Pods-ChuckFacts-frameworks-${CONFIGURATION}-input-files.xcfilelist",
			);
			name = "[CP] Embed Pods Frameworks";
			outputFileListPaths = (
				"${PODS_ROOT}/Target Support Files/Pods-ChuckFacts/Pods-ChuckFacts-frameworks-${CONFIGURATION}-output-files.xcfilelist",
			);
			runOnlyForDeploymentPostprocessing = 0;
			shellPath = /bin/sh;
			shellScript = "\"${PODS_ROOT}/Target Support Files/Pods-ChuckFacts/Pods-ChuckFacts-frameworks.sh\"\n";
			showEnvVarsInLog = 0;
		};
/* End PBXShellScriptBuildPhase section */

/* Begin PBXSourcesBuildPhase section */
		024F7E5A238CCCBB00616C45 /* Sources */ = {
			isa = PBXSourcesBuildPhase;
			buildActionMask = 2147483647;
			files = (
				024F7E61238CCCBB00616C45 /* BundleTests.swift in Sources */,
				02DA7EB3238DFE94000BA7D7 /* Bundle+Extension.swift in Sources */,
				02DA7EB5238E0FD1000BA7D7 /* FactResponse.swift in Sources */,
				024F7E6F238CD55E00616C45 /* Fact.swift in Sources */,
			);
			runOnlyForDeploymentPostprocessing = 0;
		};
		027BC1B3238A171700F9DB85 /* Sources */ = {
			isa = PBXSourcesBuildPhase;
			buildActionMask = 2147483647;
			files = (
				025F53012392C1CD007D3755 /* URLParameterEncoder.swift in Sources */,
				0219953D238CA04E0034B3EE /* Factory.swift in Sources */,
				025F52FF2392C156007D3755 /* Encodable.swift in Sources */,
				02199539238C9EFE0034B3EE /* DepedencyInjection.swift in Sources */,
				02DA7ED62390AF31000BA7D7 /* RequestType.swift in Sources */,
				024F7E58238CCA8F00616C45 /* FactResponse.swift in Sources */,
				02D0BDF2238B56B7006ABDF4 /* FlowController.swift in Sources */,
				02DA7ECB23909D1F000BA7D7 /* Endpoint.swift in Sources */,
				02DA7EDB2390B2F2000BA7D7 /* HTTPTask.swift in Sources */,
				02DA7EDD2390B8B0000BA7D7 /* Routable.swift in Sources */,
				024F7E56238CC8AF00616C45 /* Fact.swift in Sources */,
				0219953F238CA2F30034B3EE /* FactoryImplementation.swift in Sources */,
				02DA7ED32390AC31000BA7D7 /* ServiceManager.swift in Sources */,
				02DA7ED02390A3B1000BA7D7 /* Environment.swift in Sources */,
				02DA7ED82390AF88000BA7D7 /* Router.swift in Sources */,
				0219953B238C9FC80034B3EE /* ChuckAssembly.swift in Sources */,
				027BC1BB238A171700F9DB85 /* AppDelegate.swift in Sources */,
				02D0BDED238B5684006ABDF4 /* HomeViewController.swift in Sources */,
			);
			runOnlyForDeploymentPostprocessing = 0;
		};
/* End PBXSourcesBuildPhase section */

/* Begin PBXTargetDependency section */
		024F7E64238CCCBB00616C45 /* PBXTargetDependency */ = {
			isa = PBXTargetDependency;
			target = 027BC1B6238A171700F9DB85 /* ChuckFacts */;
			targetProxy = 024F7E63238CCCBB00616C45 /* PBXContainerItemProxy */;
		};
/* End PBXTargetDependency section */

/* Begin PBXVariantGroup section */
		027BC1C3238A171800F9DB85 /* LaunchScreen.storyboard */ = {
			isa = PBXVariantGroup;
			children = (
				027BC1C4238A171800F9DB85 /* Base */,
			);
			name = LaunchScreen.storyboard;
			sourceTree = "<group>";
		};
/* End PBXVariantGroup section */

/* Begin XCBuildConfiguration section */
		024F7E66238CCCBB00616C45 /* Debug */ = {
			isa = XCBuildConfiguration;
			buildSettings = {
				BUNDLE_LOADER = "$(TEST_HOST)";
				CODE_SIGN_STYLE = Automatic;
				DEVELOPMENT_TEAM = 3H3EUG783L;
				INFOPLIST_FILE = ChuckFactsTests/Info.plist;
				LD_RUNPATH_SEARCH_PATHS = (
					"$(inherited)",
					"@executable_path/Frameworks",
					"@loader_path/Frameworks",
				);
				PRODUCT_BUNDLE_IDENTIFIER = com.felipemendes.ChuckFactsTests;
				PRODUCT_NAME = "$(TARGET_NAME)";
				SWIFT_VERSION = 4.2;
				TARGETED_DEVICE_FAMILY = "1,2";
				TEST_HOST = "$(BUILT_PRODUCTS_DIR)/ChuckFacts.app/ChuckFacts";
			};
			name = Debug;
		};
		024F7E67238CCCBB00616C45 /* Release */ = {
			isa = XCBuildConfiguration;
			buildSettings = {
				BUNDLE_LOADER = "$(TEST_HOST)";
				CODE_SIGN_STYLE = Automatic;
				DEVELOPMENT_TEAM = 3H3EUG783L;
				INFOPLIST_FILE = ChuckFactsTests/Info.plist;
				LD_RUNPATH_SEARCH_PATHS = (
					"$(inherited)",
					"@executable_path/Frameworks",
					"@loader_path/Frameworks",
				);
				PRODUCT_BUNDLE_IDENTIFIER = com.felipemendes.ChuckFactsTests;
				PRODUCT_NAME = "$(TARGET_NAME)";
				SWIFT_VERSION = 4.2;
				TARGETED_DEVICE_FAMILY = "1,2";
				TEST_HOST = "$(BUILT_PRODUCTS_DIR)/ChuckFacts.app/ChuckFacts";
			};
			name = Release;
		};
		027BC1C7238A171800F9DB85 /* Debug */ = {
			isa = XCBuildConfiguration;
			buildSettings = {
				ALWAYS_SEARCH_USER_PATHS = NO;
				CLANG_ANALYZER_NONNULL = YES;
				CLANG_ANALYZER_NUMBER_OBJECT_CONVERSION = YES_AGGRESSIVE;
				CLANG_CXX_LANGUAGE_STANDARD = "gnu++14";
				CLANG_CXX_LIBRARY = "libc++";
				CLANG_ENABLE_MODULES = YES;
				CLANG_ENABLE_OBJC_ARC = YES;
				CLANG_ENABLE_OBJC_WEAK = YES;
				CLANG_WARN_BLOCK_CAPTURE_AUTORELEASING = YES;
				CLANG_WARN_BOOL_CONVERSION = YES;
				CLANG_WARN_COMMA = YES;
				CLANG_WARN_CONSTANT_CONVERSION = YES;
				CLANG_WARN_DEPRECATED_OBJC_IMPLEMENTATIONS = YES;
				CLANG_WARN_DIRECT_OBJC_ISA_USAGE = YES_ERROR;
				CLANG_WARN_DOCUMENTATION_COMMENTS = YES;
				CLANG_WARN_EMPTY_BODY = YES;
				CLANG_WARN_ENUM_CONVERSION = YES;
				CLANG_WARN_INFINITE_RECURSION = YES;
				CLANG_WARN_INT_CONVERSION = YES;
				CLANG_WARN_NON_LITERAL_NULL_CONVERSION = YES;
				CLANG_WARN_OBJC_IMPLICIT_RETAIN_SELF = YES;
				CLANG_WARN_OBJC_LITERAL_CONVERSION = YES;
				CLANG_WARN_OBJC_ROOT_CLASS = YES_ERROR;
				CLANG_WARN_RANGE_LOOP_ANALYSIS = YES;
				CLANG_WARN_STRICT_PROTOTYPES = YES;
				CLANG_WARN_SUSPICIOUS_MOVE = YES;
				CLANG_WARN_UNGUARDED_AVAILABILITY = YES_AGGRESSIVE;
				CLANG_WARN_UNREACHABLE_CODE = YES;
				CLANG_WARN__DUPLICATE_METHOD_MATCH = YES;
				CODE_SIGN_IDENTITY = "iPhone Developer";
				COPY_PHASE_STRIP = NO;
				DEBUG_INFORMATION_FORMAT = dwarf;
				ENABLE_STRICT_OBJC_MSGSEND = YES;
				ENABLE_TESTABILITY = YES;
				GCC_C_LANGUAGE_STANDARD = gnu11;
				GCC_DYNAMIC_NO_PIC = NO;
				GCC_NO_COMMON_BLOCKS = YES;
				GCC_OPTIMIZATION_LEVEL = 0;
				GCC_PREPROCESSOR_DEFINITIONS = (
					"DEBUG=1",
					"$(inherited)",
				);
				GCC_WARN_64_TO_32_BIT_CONVERSION = YES;
				GCC_WARN_ABOUT_RETURN_TYPE = YES_ERROR;
				GCC_WARN_UNDECLARED_SELECTOR = YES;
				GCC_WARN_UNINITIALIZED_AUTOS = YES_AGGRESSIVE;
				GCC_WARN_UNUSED_FUNCTION = YES;
				GCC_WARN_UNUSED_VARIABLE = YES;
				IPHONEOS_DEPLOYMENT_TARGET = 12.1;
				MTL_ENABLE_DEBUG_INFO = INCLUDE_SOURCE;
				MTL_FAST_MATH = YES;
				ONLY_ACTIVE_ARCH = YES;
				SDKROOT = iphoneos;
				SWIFT_ACTIVE_COMPILATION_CONDITIONS = DEBUG;
				SWIFT_OPTIMIZATION_LEVEL = "-Onone";
				SWIFT_VERSION = 4.2;
			};
			name = Debug;
		};
		027BC1C8238A171800F9DB85 /* Release */ = {
			isa = XCBuildConfiguration;
			buildSettings = {
				ALWAYS_SEARCH_USER_PATHS = NO;
				CLANG_ANALYZER_NONNULL = YES;
				CLANG_ANALYZER_NUMBER_OBJECT_CONVERSION = YES_AGGRESSIVE;
				CLANG_CXX_LANGUAGE_STANDARD = "gnu++14";
				CLANG_CXX_LIBRARY = "libc++";
				CLANG_ENABLE_MODULES = YES;
				CLANG_ENABLE_OBJC_ARC = YES;
				CLANG_ENABLE_OBJC_WEAK = YES;
				CLANG_WARN_BLOCK_CAPTURE_AUTORELEASING = YES;
				CLANG_WARN_BOOL_CONVERSION = YES;
				CLANG_WARN_COMMA = YES;
				CLANG_WARN_CONSTANT_CONVERSION = YES;
				CLANG_WARN_DEPRECATED_OBJC_IMPLEMENTATIONS = YES;
				CLANG_WARN_DIRECT_OBJC_ISA_USAGE = YES_ERROR;
				CLANG_WARN_DOCUMENTATION_COMMENTS = YES;
				CLANG_WARN_EMPTY_BODY = YES;
				CLANG_WARN_ENUM_CONVERSION = YES;
				CLANG_WARN_INFINITE_RECURSION = YES;
				CLANG_WARN_INT_CONVERSION = YES;
				CLANG_WARN_NON_LITERAL_NULL_CONVERSION = YES;
				CLANG_WARN_OBJC_IMPLICIT_RETAIN_SELF = YES;
				CLANG_WARN_OBJC_LITERAL_CONVERSION = YES;
				CLANG_WARN_OBJC_ROOT_CLASS = YES_ERROR;
				CLANG_WARN_RANGE_LOOP_ANALYSIS = YES;
				CLANG_WARN_STRICT_PROTOTYPES = YES;
				CLANG_WARN_SUSPICIOUS_MOVE = YES;
				CLANG_WARN_UNGUARDED_AVAILABILITY = YES_AGGRESSIVE;
				CLANG_WARN_UNREACHABLE_CODE = YES;
				CLANG_WARN__DUPLICATE_METHOD_MATCH = YES;
				CODE_SIGN_IDENTITY = "iPhone Developer";
				COPY_PHASE_STRIP = NO;
				DEBUG_INFORMATION_FORMAT = "dwarf-with-dsym";
				ENABLE_NS_ASSERTIONS = NO;
				ENABLE_STRICT_OBJC_MSGSEND = YES;
				GCC_C_LANGUAGE_STANDARD = gnu11;
				GCC_NO_COMMON_BLOCKS = YES;
				GCC_WARN_64_TO_32_BIT_CONVERSION = YES;
				GCC_WARN_ABOUT_RETURN_TYPE = YES_ERROR;
				GCC_WARN_UNDECLARED_SELECTOR = YES;
				GCC_WARN_UNINITIALIZED_AUTOS = YES_AGGRESSIVE;
				GCC_WARN_UNUSED_FUNCTION = YES;
				GCC_WARN_UNUSED_VARIABLE = YES;
				IPHONEOS_DEPLOYMENT_TARGET = 12.1;
				MTL_ENABLE_DEBUG_INFO = NO;
				MTL_FAST_MATH = YES;
				SDKROOT = iphoneos;
				SWIFT_COMPILATION_MODE = wholemodule;
				SWIFT_OPTIMIZATION_LEVEL = "-O";
				SWIFT_VERSION = 4.2;
				VALIDATE_PRODUCT = YES;
			};
			name = Release;
		};
		027BC1CA238A171800F9DB85 /* Debug */ = {
			isa = XCBuildConfiguration;
			baseConfigurationReference = 0B7332EE781FA1B0092CB499 /* Pods-ChuckFacts.debug.xcconfig */;
			buildSettings = {
				ASSETCATALOG_COMPILER_APPICON_NAME = AppIcon;
				CODE_SIGN_STYLE = Automatic;
				DEVELOPMENT_TEAM = "";
				INFOPLIST_FILE = "$(SRCROOT)/ChuckFacts/Resources/Info.plist";
				LD_RUNPATH_SEARCH_PATHS = (
					"$(inherited)",
					"@executable_path/Frameworks",
				);
				PRODUCT_BUNDLE_IDENTIFIER = com.felipemendes.ChuckFacts;
				PRODUCT_NAME = "$(TARGET_NAME)";
				SWIFT_VERSION = 4.2;
				TARGETED_DEVICE_FAMILY = 1;
			};
			name = Debug;
		};
		027BC1CB238A171800F9DB85 /* Release */ = {
			isa = XCBuildConfiguration;
			baseConfigurationReference = A36C3C59185CDE1DEB45AC9B /* Pods-ChuckFacts.release.xcconfig */;
			buildSettings = {
				ASSETCATALOG_COMPILER_APPICON_NAME = AppIcon;
				CODE_SIGN_STYLE = Automatic;
				DEVELOPMENT_TEAM = "";
				INFOPLIST_FILE = "$(SRCROOT)/ChuckFacts/Resources/Info.plist";
				LD_RUNPATH_SEARCH_PATHS = (
					"$(inherited)",
					"@executable_path/Frameworks",
				);
				PRODUCT_BUNDLE_IDENTIFIER = com.felipemendes.ChuckFacts;
				PRODUCT_NAME = "$(TARGET_NAME)";
				SWIFT_VERSION = 4.2;
				TARGETED_DEVICE_FAMILY = 1;
			};
			name = Release;
		};
/* End XCBuildConfiguration section */

/* Begin XCConfigurationList section */
		024F7E65238CCCBB00616C45 /* Build configuration list for PBXNativeTarget "ChuckFactsTests" */ = {
			isa = XCConfigurationList;
			buildConfigurations = (
				024F7E66238CCCBB00616C45 /* Debug */,
				024F7E67238CCCBB00616C45 /* Release */,
			);
			defaultConfigurationIsVisible = 0;
			defaultConfigurationName = Release;
		};
		027BC1B2238A171700F9DB85 /* Build configuration list for PBXProject "ChuckFacts" */ = {
			isa = XCConfigurationList;
			buildConfigurations = (
				027BC1C7238A171800F9DB85 /* Debug */,
				027BC1C8238A171800F9DB85 /* Release */,
			);
			defaultConfigurationIsVisible = 0;
			defaultConfigurationName = Release;
		};
		027BC1C9238A171800F9DB85 /* Build configuration list for PBXNativeTarget "ChuckFacts" */ = {
			isa = XCConfigurationList;
			buildConfigurations = (
				027BC1CA238A171800F9DB85 /* Debug */,
				027BC1CB238A171800F9DB85 /* Release */,
			);
			defaultConfigurationIsVisible = 0;
			defaultConfigurationName = Release;
		};
/* End XCConfigurationList section */
	};
	rootObject = 027BC1AF238A171700F9DB85 /* Project object */;
}
